// !$*UTF8*$!
{
	archiveVersion = 1;
	classes = {
	};
	objectVersion = 50;
	objects = {

/* Begin PBXBuildFile section */
		8D11EA57261059A800691E5D /* AddNewPolygonView.swift in Sources */ = {isa = PBXBuildFile; fileRef = 8D11EA56261059A800691E5D /* AddNewPolygonView.swift */; };
		8D472D5025D8F554004267C1 /* AddNewPointView.swift in Sources */ = {isa = PBXBuildFile; fileRef = 8D472D4F25D8F554004267C1 /* AddNewPointView.swift */; };
		8D6FE955270E0F0200FB8D5C /* CustomAnnotation.swift in Sources */ = {isa = PBXBuildFile; fileRef = 8D6FE954270E0F0200FB8D5C /* CustomAnnotation.swift */; };
		8D6FE959270E1CB000FB8D5C /* PolylineAndPolygonLocationSelecter.swift in Sources */ = {isa = PBXBuildFile; fileRef = 8D6FE958270E1CB000FB8D5C /* PolylineAndPolygonLocationSelecter.swift */; };
		8D6FE95B270E9DEC00FB8D5C /* LocationSelecterView.swift in Sources */ = {isa = PBXBuildFile; fileRef = 8D6FE95A270E9DEC00FB8D5C /* LocationSelecterView.swift */; };
		8D7D7C2725D4F00A00BA86BF /* PersonalMapApp.swift in Sources */ = {isa = PBXBuildFile; fileRef = 8D7D7C2625D4F00A00BA86BF /* PersonalMapApp.swift */; };
		8D7D7C2925D4F00A00BA86BF /* ContentView.swift in Sources */ = {isa = PBXBuildFile; fileRef = 8D7D7C2825D4F00A00BA86BF /* ContentView.swift */; };
		8D7D7C2B25D4F00C00BA86BF /* Assets.xcassets in Resources */ = {isa = PBXBuildFile; fileRef = 8D7D7C2A25D4F00C00BA86BF /* Assets.xcassets */; };
		8D7D7C2E25D4F00C00BA86BF /* Preview Assets.xcassets in Resources */ = {isa = PBXBuildFile; fileRef = 8D7D7C2D25D4F00C00BA86BF /* Preview Assets.xcassets */; };
		8D7D7C3925D4F00C00BA86BF /* PersonalMapTests.swift in Sources */ = {isa = PBXBuildFile; fileRef = 8D7D7C3825D4F00C00BA86BF /* PersonalMapTests.swift */; };
		8D7D7C4425D4F00C00BA86BF /* PersonalMapUITests.swift in Sources */ = {isa = PBXBuildFile; fileRef = 8D7D7C4325D4F00C00BA86BF /* PersonalMapUITests.swift */; };
		8D7D7C5525D4F02600BA86BF /* MultiLocationSelecterView.swift in Sources */ = {isa = PBXBuildFile; fileRef = 8D7D7C5425D4F02600BA86BF /* MultiLocationSelecterView.swift */; };
		8D7D7C5A25D4F37200BA86BF /* ContentViewModel.swift in Sources */ = {isa = PBXBuildFile; fileRef = 8D7D7C5925D4F37200BA86BF /* ContentViewModel.swift */; };
		8D82550A2607272700D73A6D /* MapPolygon.swift in Sources */ = {isa = PBXBuildFile; fileRef = 8D8255092607272700D73A6D /* MapPolygon.swift */; };
		8DAFC2E925F4B091005FC550 /* AddNewPolyLineView.swift in Sources */ = {isa = PBXBuildFile; fileRef = 8DAFC2E825F4B091005FC550 /* AddNewPolyLineView.swift */; };
		8DCE59DB25EBB36400D080D2 /* MapPolyLine.swift in Sources */ = {isa = PBXBuildFile; fileRef = 8DCE59DA25EBB36400D080D2 /* MapPolyLine.swift */; };
		8DCE59E025EBB38F00D080D2 /* MapObject.swift in Sources */ = {isa = PBXBuildFile; fileRef = 8DCE59DF25EBB38F00D080D2 /* MapObject.swift */; };
		8DD13EF425E2308C00CEAB3B /* MapPoint.swift in Sources */ = {isa = PBXBuildFile; fileRef = 8DD13EF325E2308C00CEAB3B /* MapPoint.swift */; };
		8DD13F0225E2389E00CEAB3B /* Info.swift in Sources */ = {isa = PBXBuildFile; fileRef = 8DD13F0125E2389E00CEAB3B /* Info.swift */; };
		8DD13F1325E23BA300CEAB3B /* MapObjectListViewOld.swift in Sources */ = {isa = PBXBuildFile; fileRef = 8DD13F1225E23BA300CEAB3B /* MapObjectListViewOld.swift */; };
		8DE5AE5F25D8FD8400726DC1 /* AddInfoView.swift in Sources */ = {isa = PBXBuildFile; fileRef = 8DE5AE5E25D8FD8400726DC1 /* AddInfoView.swift */; };
		8DE9F87325FDEDB600302D31 /* TopHeaderButton.swift in Sources */ = {isa = PBXBuildFile; fileRef = 8DE9F87225FDEDB600302D31 /* TopHeaderButton.swift */; };
		8DEC410A26F609520052A7D2 /* RootView.swift in Sources */ = {isa = PBXBuildFile; fileRef = 8DEC410926F609520052A7D2 /* RootView.swift */; };
		8DEC410C26F60B9B0052A7D2 /* TopView.swift in Sources */ = {isa = PBXBuildFile; fileRef = 8DEC410B26F60B9B0052A7D2 /* TopView.swift */; };
		8DEC410F26F60BC20052A7D2 /* MapLayerListView.swift in Sources */ = {isa = PBXBuildFile; fileRef = 8DEC410E26F60BC20052A7D2 /* MapLayerListView.swift */; };
		8DEC411226F60BD50052A7D2 /* ConfigView.swift in Sources */ = {isa = PBXBuildFile; fileRef = 8DEC411126F60BD50052A7D2 /* ConfigView.swift */; };
		8DEC411426F61B180052A7D2 /* MapLayerProtcol.swift in Sources */ = {isa = PBXBuildFile; fileRef = 8DEC411326F61B180052A7D2 /* MapLayerProtcol.swift */; };
		8DEC411726F623510052A7D2 /* AddMapLayerView.swift in Sources */ = {isa = PBXBuildFile; fileRef = 8DEC411626F623510052A7D2 /* AddMapLayerView.swift */; };
		8DEC412326F63D950052A7D2 /* FileRepository.swift in Sources */ = {isa = PBXBuildFile; fileRef = 8DEC412226F63D950052A7D2 /* FileRepository.swift */; };
		8DEC412626F63DE70052A7D2 /* InternalFileError.swift in Sources */ = {isa = PBXBuildFile; fileRef = 8DEC412526F63DE70052A7D2 /* InternalFileError.swift */; };
		8DEC412926F7164A0052A7D2 /* MapLayerDetail.swift in Sources */ = {isa = PBXBuildFile; fileRef = 8DEC412826F7164A0052A7D2 /* MapLayerDetail.swift */; };
		8DEC412C26F71E4E0052A7D2 /* MapObjectList.swift in Sources */ = {isa = PBXBuildFile; fileRef = 8DEC412B26F71E4E0052A7D2 /* MapObjectList.swift */; };
		8DEC412F26F7251D0052A7D2 /* AddMapPointObjectView.swift in Sources */ = {isa = PBXBuildFile; fileRef = 8DEC412E26F7251D0052A7D2 /* AddMapPointObjectView.swift */; };
		8DEC413226F734F40052A7D2 /* PointLocationSelecter.swift in Sources */ = {isa = PBXBuildFile; fileRef = 8DEC413126F734F40052A7D2 /* PointLocationSelecter.swift */; };
		8DFB31B625FDEF200010FCA2 /* TopPlusButton.swift in Sources */ = {isa = PBXBuildFile; fileRef = 8DFB31B525FDEF200010FCA2 /* TopPlusButton.swift */; };
		8DFBADF727062366005B4611 /* MapObjectDetailView.swift in Sources */ = {isa = PBXBuildFile; fileRef = 8DFBADF627062366005B4611 /* MapObjectDetailView.swift */; };
		8DFBADF927089F93005B4611 /* Coordinate.swift in Sources */ = {isa = PBXBuildFile; fileRef = 8DFBADF827089F93005B4611 /* Coordinate.swift */; };
		8DFBADFB2708AE03005B4611 /* MapObjectTypeDecoder.swift in Sources */ = {isa = PBXBuildFile; fileRef = 8DFBADFA2708AE03005B4611 /* MapObjectTypeDecoder.swift */; };
		8DFBADFE2708AEA5005B4611 /* CLLocationCoordinate2D+Extensino.swift in Sources */ = {isa = PBXBuildFile; fileRef = 8DFBADFD2708AEA5005B4611 /* CLLocationCoordinate2D+Extensino.swift */; };
		8DFBAE0027098498005B4611 /* MapPointDetailView.swift in Sources */ = {isa = PBXBuildFile; fileRef = 8DFBADFF27098498005B4611 /* MapPointDetailView.swift */; };
		8DFBAE022709854F005B4611 /* MapObjectInfo.swift in Sources */ = {isa = PBXBuildFile; fileRef = 8DFBAE012709854F005B4611 /* MapObjectInfo.swift */; };
		8DFBAE04270986A5005B4611 /* MapPolylineDetailView.swift in Sources */ = {isa = PBXBuildFile; fileRef = 8DFBAE03270986A5005B4611 /* MapPolylineDetailView.swift */; };
		8DFBAE06270986B6005B4611 /* MapPolygonDetailView.swift in Sources */ = {isa = PBXBuildFile; fileRef = 8DFBAE05270986B6005B4611 /* MapPolygonDetailView.swift */; };
		8DFBAE092709E6DE005B4611 /* MapObjectPreview.swift in Sources */ = {isa = PBXBuildFile; fileRef = 8DFBAE082709E6DE005B4611 /* MapObjectPreview.swift */; };
		8DFBAE0B2709EA68005B4611 /* MapPointPreview.swift in Sources */ = {isa = PBXBuildFile; fileRef = 8DFBAE0A2709EA68005B4611 /* MapPointPreview.swift */; };
		8DFBAE0D2709EB97005B4611 /* MapPolyLinePreview.swift in Sources */ = {isa = PBXBuildFile; fileRef = 8DFBAE0C2709EB97005B4611 /* MapPolyLinePreview.swift */; };
		8DFBAE0F2709EBB5005B4611 /* MapPolygonPreview.swift in Sources */ = {isa = PBXBuildFile; fileRef = 8DFBAE0E2709EBB5005B4611 /* MapPolygonPreview.swift */; };
		8DFBAE12270CA2ED005B4611 /* AddMapPolylineObjectView.swift in Sources */ = {isa = PBXBuildFile; fileRef = 8DFBAE11270CA2ED005B4611 /* AddMapPolylineObjectView.swift */; };
		8DFC44DF26FF4C2E00021E45 /* MapObjectView.swift in Sources */ = {isa = PBXBuildFile; fileRef = 8DFC44DE26FF4C2E00021E45 /* MapObjectView.swift */; };
		8DFC44E126FF7CC400021E45 /* UIMapObjectViewDelegate.swift in Sources */ = {isa = PBXBuildFile; fileRef = 8DFC44E026FF7CC400021E45 /* UIMapObjectViewDelegate.swift */; };
/* End PBXBuildFile section */

/* Begin PBXContainerItemProxy section */
		8D7D7C3525D4F00C00BA86BF /* PBXContainerItemProxy */ = {
			isa = PBXContainerItemProxy;
			containerPortal = 8D7D7C1B25D4F00A00BA86BF /* Project object */;
			proxyType = 1;
			remoteGlobalIDString = 8D7D7C2225D4F00A00BA86BF;
			remoteInfo = PersonalMap;
		};
		8D7D7C4025D4F00C00BA86BF /* PBXContainerItemProxy */ = {
			isa = PBXContainerItemProxy;
			containerPortal = 8D7D7C1B25D4F00A00BA86BF /* Project object */;
			proxyType = 1;
			remoteGlobalIDString = 8D7D7C2225D4F00A00BA86BF;
			remoteInfo = PersonalMap;
		};
/* End PBXContainerItemProxy section */

/* Begin PBXFileReference section */
		8D11EA56261059A800691E5D /* AddNewPolygonView.swift */ = {isa = PBXFileReference; lastKnownFileType = sourcecode.swift; path = AddNewPolygonView.swift; sourceTree = "<group>"; };
		8D472D4F25D8F554004267C1 /* AddNewPointView.swift */ = {isa = PBXFileReference; lastKnownFileType = sourcecode.swift; path = AddNewPointView.swift; sourceTree = "<group>"; };
		8D6FE954270E0F0200FB8D5C /* CustomAnnotation.swift */ = {isa = PBXFileReference; lastKnownFileType = sourcecode.swift; path = CustomAnnotation.swift; sourceTree = "<group>"; };
		8D6FE958270E1CB000FB8D5C /* PolylineAndPolygonLocationSelecter.swift */ = {isa = PBXFileReference; lastKnownFileType = sourcecode.swift; path = PolylineAndPolygonLocationSelecter.swift; sourceTree = "<group>"; };
		8D6FE95A270E9DEC00FB8D5C /* LocationSelecterView.swift */ = {isa = PBXFileReference; lastKnownFileType = sourcecode.swift; path = LocationSelecterView.swift; sourceTree = "<group>"; };
		8D7D7C2325D4F00A00BA86BF /* PersonalMap.app */ = {isa = PBXFileReference; explicitFileType = wrapper.application; includeInIndex = 0; path = PersonalMap.app; sourceTree = BUILT_PRODUCTS_DIR; };
		8D7D7C2625D4F00A00BA86BF /* PersonalMapApp.swift */ = {isa = PBXFileReference; lastKnownFileType = sourcecode.swift; path = PersonalMapApp.swift; sourceTree = "<group>"; };
		8D7D7C2825D4F00A00BA86BF /* ContentView.swift */ = {isa = PBXFileReference; lastKnownFileType = sourcecode.swift; path = ContentView.swift; sourceTree = "<group>"; };
		8D7D7C2A25D4F00C00BA86BF /* Assets.xcassets */ = {isa = PBXFileReference; lastKnownFileType = folder.assetcatalog; path = Assets.xcassets; sourceTree = "<group>"; };
		8D7D7C2D25D4F00C00BA86BF /* Preview Assets.xcassets */ = {isa = PBXFileReference; lastKnownFileType = folder.assetcatalog; path = "Preview Assets.xcassets"; sourceTree = "<group>"; };
		8D7D7C2F25D4F00C00BA86BF /* Info.plist */ = {isa = PBXFileReference; lastKnownFileType = text.plist.xml; path = Info.plist; sourceTree = "<group>"; };
		8D7D7C3425D4F00C00BA86BF /* PersonalMapTests.xctest */ = {isa = PBXFileReference; explicitFileType = wrapper.cfbundle; includeInIndex = 0; path = PersonalMapTests.xctest; sourceTree = BUILT_PRODUCTS_DIR; };
		8D7D7C3825D4F00C00BA86BF /* PersonalMapTests.swift */ = {isa = PBXFileReference; lastKnownFileType = sourcecode.swift; path = PersonalMapTests.swift; sourceTree = "<group>"; };
		8D7D7C3A25D4F00C00BA86BF /* Info.plist */ = {isa = PBXFileReference; lastKnownFileType = text.plist.xml; path = Info.plist; sourceTree = "<group>"; };
		8D7D7C3F25D4F00C00BA86BF /* PersonalMapUITests.xctest */ = {isa = PBXFileReference; explicitFileType = wrapper.cfbundle; includeInIndex = 0; path = PersonalMapUITests.xctest; sourceTree = BUILT_PRODUCTS_DIR; };
		8D7D7C4325D4F00C00BA86BF /* PersonalMapUITests.swift */ = {isa = PBXFileReference; lastKnownFileType = sourcecode.swift; path = PersonalMapUITests.swift; sourceTree = "<group>"; };
		8D7D7C4525D4F00C00BA86BF /* Info.plist */ = {isa = PBXFileReference; lastKnownFileType = text.plist.xml; path = Info.plist; sourceTree = "<group>"; };
		8D7D7C5425D4F02600BA86BF /* MultiLocationSelecterView.swift */ = {isa = PBXFileReference; lastKnownFileType = sourcecode.swift; path = MultiLocationSelecterView.swift; sourceTree = "<group>"; };
		8D7D7C5925D4F37200BA86BF /* ContentViewModel.swift */ = {isa = PBXFileReference; lastKnownFileType = sourcecode.swift; path = ContentViewModel.swift; sourceTree = "<group>"; };
		8D8255092607272700D73A6D /* MapPolygon.swift */ = {isa = PBXFileReference; lastKnownFileType = sourcecode.swift; path = MapPolygon.swift; sourceTree = "<group>"; };
		8DAFC2E825F4B091005FC550 /* AddNewPolyLineView.swift */ = {isa = PBXFileReference; lastKnownFileType = sourcecode.swift; path = AddNewPolyLineView.swift; sourceTree = "<group>"; };
		8DCE59DA25EBB36400D080D2 /* MapPolyLine.swift */ = {isa = PBXFileReference; lastKnownFileType = sourcecode.swift; path = MapPolyLine.swift; sourceTree = "<group>"; };
		8DCE59DF25EBB38F00D080D2 /* MapObject.swift */ = {isa = PBXFileReference; lastKnownFileType = sourcecode.swift; path = MapObject.swift; sourceTree = "<group>"; };
		8DD13EF325E2308C00CEAB3B /* MapPoint.swift */ = {isa = PBXFileReference; lastKnownFileType = sourcecode.swift; path = MapPoint.swift; sourceTree = "<group>"; };
		8DD13F0125E2389E00CEAB3B /* Info.swift */ = {isa = PBXFileReference; lastKnownFileType = sourcecode.swift; path = Info.swift; sourceTree = "<group>"; };
		8DD13F1225E23BA300CEAB3B /* MapObjectListViewOld.swift */ = {isa = PBXFileReference; lastKnownFileType = sourcecode.swift; path = MapObjectListViewOld.swift; sourceTree = "<group>"; };
		8DE5AE5E25D8FD8400726DC1 /* AddInfoView.swift */ = {isa = PBXFileReference; lastKnownFileType = sourcecode.swift; path = AddInfoView.swift; sourceTree = "<group>"; };
		8DE9F87225FDEDB600302D31 /* TopHeaderButton.swift */ = {isa = PBXFileReference; lastKnownFileType = sourcecode.swift; path = TopHeaderButton.swift; sourceTree = "<group>"; };
		8DEC410926F609520052A7D2 /* RootView.swift */ = {isa = PBXFileReference; lastKnownFileType = sourcecode.swift; path = RootView.swift; sourceTree = "<group>"; };
		8DEC410B26F60B9B0052A7D2 /* TopView.swift */ = {isa = PBXFileReference; lastKnownFileType = sourcecode.swift; path = TopView.swift; sourceTree = "<group>"; };
		8DEC410E26F60BC20052A7D2 /* MapLayerListView.swift */ = {isa = PBXFileReference; lastKnownFileType = sourcecode.swift; path = MapLayerListView.swift; sourceTree = "<group>"; };
		8DEC411126F60BD50052A7D2 /* ConfigView.swift */ = {isa = PBXFileReference; lastKnownFileType = sourcecode.swift; path = ConfigView.swift; sourceTree = "<group>"; };
		8DEC411326F61B180052A7D2 /* MapLayerProtcol.swift */ = {isa = PBXFileReference; lastKnownFileType = sourcecode.swift; path = MapLayerProtcol.swift; sourceTree = "<group>"; };
		8DEC411626F623510052A7D2 /* AddMapLayerView.swift */ = {isa = PBXFileReference; lastKnownFileType = sourcecode.swift; path = AddMapLayerView.swift; sourceTree = "<group>"; };
		8DEC412226F63D950052A7D2 /* FileRepository.swift */ = {isa = PBXFileReference; lastKnownFileType = sourcecode.swift; path = FileRepository.swift; sourceTree = "<group>"; };
		8DEC412526F63DE70052A7D2 /* InternalFileError.swift */ = {isa = PBXFileReference; lastKnownFileType = sourcecode.swift; path = InternalFileError.swift; sourceTree = "<group>"; };
		8DEC412826F7164A0052A7D2 /* MapLayerDetail.swift */ = {isa = PBXFileReference; lastKnownFileType = sourcecode.swift; path = MapLayerDetail.swift; sourceTree = "<group>"; };
		8DEC412B26F71E4E0052A7D2 /* MapObjectList.swift */ = {isa = PBXFileReference; lastKnownFileType = sourcecode.swift; path = MapObjectList.swift; sourceTree = "<group>"; };
		8DEC412E26F7251D0052A7D2 /* AddMapPointObjectView.swift */ = {isa = PBXFileReference; lastKnownFileType = sourcecode.swift; path = AddMapPointObjectView.swift; sourceTree = "<group>"; };
		8DEC413126F734F40052A7D2 /* PointLocationSelecter.swift */ = {isa = PBXFileReference; lastKnownFileType = sourcecode.swift; path = PointLocationSelecter.swift; sourceTree = "<group>"; };
		8DFB31B525FDEF200010FCA2 /* TopPlusButton.swift */ = {isa = PBXFileReference; lastKnownFileType = sourcecode.swift; path = TopPlusButton.swift; sourceTree = "<group>"; };
		8DFBADF627062366005B4611 /* MapObjectDetailView.swift */ = {isa = PBXFileReference; lastKnownFileType = sourcecode.swift; path = MapObjectDetailView.swift; sourceTree = "<group>"; };
		8DFBADF827089F93005B4611 /* Coordinate.swift */ = {isa = PBXFileReference; lastKnownFileType = sourcecode.swift; path = Coordinate.swift; sourceTree = "<group>"; };
		8DFBADFA2708AE03005B4611 /* MapObjectTypeDecoder.swift */ = {isa = PBXFileReference; lastKnownFileType = sourcecode.swift; path = MapObjectTypeDecoder.swift; sourceTree = "<group>"; };
		8DFBADFD2708AEA5005B4611 /* CLLocationCoordinate2D+Extensino.swift */ = {isa = PBXFileReference; lastKnownFileType = sourcecode.swift; path = "CLLocationCoordinate2D+Extensino.swift"; sourceTree = "<group>"; };
		8DFBADFF27098498005B4611 /* MapPointDetailView.swift */ = {isa = PBXFileReference; lastKnownFileType = sourcecode.swift; path = MapPointDetailView.swift; sourceTree = "<group>"; };
		8DFBAE012709854F005B4611 /* MapObjectInfo.swift */ = {isa = PBXFileReference; lastKnownFileType = sourcecode.swift; path = MapObjectInfo.swift; sourceTree = "<group>"; };
		8DFBAE03270986A5005B4611 /* MapPolylineDetailView.swift */ = {isa = PBXFileReference; lastKnownFileType = sourcecode.swift; path = MapPolylineDetailView.swift; sourceTree = "<group>"; };
		8DFBAE05270986B6005B4611 /* MapPolygonDetailView.swift */ = {isa = PBXFileReference; lastKnownFileType = sourcecode.swift; path = MapPolygonDetailView.swift; sourceTree = "<group>"; };
		8DFBAE082709E6DE005B4611 /* MapObjectPreview.swift */ = {isa = PBXFileReference; lastKnownFileType = sourcecode.swift; path = MapObjectPreview.swift; sourceTree = "<group>"; };
		8DFBAE0A2709EA68005B4611 /* MapPointPreview.swift */ = {isa = PBXFileReference; lastKnownFileType = sourcecode.swift; path = MapPointPreview.swift; sourceTree = "<group>"; };
		8DFBAE0C2709EB97005B4611 /* MapPolyLinePreview.swift */ = {isa = PBXFileReference; lastKnownFileType = sourcecode.swift; path = MapPolyLinePreview.swift; sourceTree = "<group>"; };
		8DFBAE0E2709EBB5005B4611 /* MapPolygonPreview.swift */ = {isa = PBXFileReference; lastKnownFileType = sourcecode.swift; path = MapPolygonPreview.swift; sourceTree = "<group>"; };
		8DFBAE11270CA2ED005B4611 /* AddMapPolylineObjectView.swift */ = {isa = PBXFileReference; lastKnownFileType = sourcecode.swift; path = AddMapPolylineObjectView.swift; sourceTree = "<group>"; };
		8DFC44DE26FF4C2E00021E45 /* MapObjectView.swift */ = {isa = PBXFileReference; lastKnownFileType = sourcecode.swift; path = MapObjectView.swift; sourceTree = "<group>"; };
		8DFC44E026FF7CC400021E45 /* UIMapObjectViewDelegate.swift */ = {isa = PBXFileReference; lastKnownFileType = sourcecode.swift; path = UIMapObjectViewDelegate.swift; sourceTree = "<group>"; };
/* End PBXFileReference section */

/* Begin PBXFrameworksBuildPhase section */
		8D7D7C2025D4F00A00BA86BF /* Frameworks */ = {
			isa = PBXFrameworksBuildPhase;
			buildActionMask = 2147483647;
			files = (
			);
			runOnlyForDeploymentPostprocessing = 0;
		};
		8D7D7C3125D4F00C00BA86BF /* Frameworks */ = {
			isa = PBXFrameworksBuildPhase;
			buildActionMask = 2147483647;
			files = (
			);
			runOnlyForDeploymentPostprocessing = 0;
		};
		8D7D7C3C25D4F00C00BA86BF /* Frameworks */ = {
			isa = PBXFrameworksBuildPhase;
			buildActionMask = 2147483647;
			files = (
			);
			runOnlyForDeploymentPostprocessing = 0;
		};
/* End PBXFrameworksBuildPhase section */

/* Begin PBXGroup section */
		8D11EA552610599400691E5D /* AddNewPolygon */ = {
			isa = PBXGroup;
			children = (
				8D11EA56261059A800691E5D /* AddNewPolygonView.swift */,
			);
			path = AddNewPolygon;
			sourceTree = "<group>";
		};
		8D472D5425D8F789004267C1 /* AddNewPoint */ = {
			isa = PBXGroup;
			children = (
				8D472D4F25D8F554004267C1 /* AddNewPointView.swift */,
			);
			path = AddNewPoint;
			sourceTree = "<group>";
		};
		8D6FE956270E122500FB8D5C /* Map */ = {
			isa = PBXGroup;
			children = (
				8D7D7C5425D4F02600BA86BF /* MultiLocationSelecterView.swift */,
				8DEC413126F734F40052A7D2 /* PointLocationSelecter.swift */,
				8D6FE958270E1CB000FB8D5C /* PolylineAndPolygonLocationSelecter.swift */,
				8D6FE954270E0F0200FB8D5C /* CustomAnnotation.swift */,
				8D6FE95A270E9DEC00FB8D5C /* LocationSelecterView.swift */,
			);
			path = Map;
			sourceTree = "<group>";
		};
		8D7D7C1A25D4F00A00BA86BF = {
			isa = PBXGroup;
			children = (
				8D7D7C2525D4F00A00BA86BF /* PersonalMap */,
				8D7D7C3725D4F00C00BA86BF /* PersonalMapTests */,
				8D7D7C4225D4F00C00BA86BF /* PersonalMapUITests */,
				8D7D7C2425D4F00A00BA86BF /* Products */,
			);
			sourceTree = "<group>";
		};
		8D7D7C2425D4F00A00BA86BF /* Products */ = {
			isa = PBXGroup;
			children = (
				8D7D7C2325D4F00A00BA86BF /* PersonalMap.app */,
				8D7D7C3425D4F00C00BA86BF /* PersonalMapTests.xctest */,
				8D7D7C3F25D4F00C00BA86BF /* PersonalMapUITests.xctest */,
			);
			name = Products;
			sourceTree = "<group>";
		};
		8D7D7C2525D4F00A00BA86BF /* PersonalMap */ = {
			isa = PBXGroup;
			children = (
				8DFBADFC2708AE95005B4611 /* Extension */,
				8DEC412426F63DC60052A7D2 /* Error */,
				8DEC412126F63D660052A7D2 /* Repository */,
				8D7D7C2625D4F00A00BA86BF /* PersonalMapApp.swift */,
				8DD13EF225E2307F00CEAB3B /* Entity */,
				8DD13EFB25E230FD00CEAB3B /* Views */,
				8D7D7C2A25D4F00C00BA86BF /* Assets.xcassets */,
				8D7D7C2F25D4F00C00BA86BF /* Info.plist */,
				8D7D7C2C25D4F00C00BA86BF /* Preview Content */,
				8DE5AE5E25D8FD8400726DC1 /* AddInfoView.swift */,
			);
			path = PersonalMap;
			sourceTree = "<group>";
		};
		8D7D7C2C25D4F00C00BA86BF /* Preview Content */ = {
			isa = PBXGroup;
			children = (
				8D7D7C2D25D4F00C00BA86BF /* Preview Assets.xcassets */,
			);
			path = "Preview Content";
			sourceTree = "<group>";
		};
		8D7D7C3725D4F00C00BA86BF /* PersonalMapTests */ = {
			isa = PBXGroup;
			children = (
				8D7D7C3825D4F00C00BA86BF /* PersonalMapTests.swift */,
				8D7D7C3A25D4F00C00BA86BF /* Info.plist */,
			);
			path = PersonalMapTests;
			sourceTree = "<group>";
		};
		8D7D7C4225D4F00C00BA86BF /* PersonalMapUITests */ = {
			isa = PBXGroup;
			children = (
				8D7D7C4325D4F00C00BA86BF /* PersonalMapUITests.swift */,
				8D7D7C4525D4F00C00BA86BF /* Info.plist */,
			);
			path = PersonalMapUITests;
			sourceTree = "<group>";
		};
		8DAFC2E725F4B076005FC550 /* AddNewPolyLine */ = {
			isa = PBXGroup;
			children = (
				8DAFC2E825F4B091005FC550 /* AddNewPolyLineView.swift */,
			);
			path = AddNewPolyLine;
			sourceTree = "<group>";
		};
		8DD13EF225E2307F00CEAB3B /* Entity */ = {
			isa = PBXGroup;
			children = (
				8DD13EF325E2308C00CEAB3B /* MapPoint.swift */,
				8DD13F0125E2389E00CEAB3B /* Info.swift */,
				8DCE59DA25EBB36400D080D2 /* MapPolyLine.swift */,
				8D8255092607272700D73A6D /* MapPolygon.swift */,
				8DCE59DF25EBB38F00D080D2 /* MapObject.swift */,
				8DEC411326F61B180052A7D2 /* MapLayerProtcol.swift */,
				8DFBADF827089F93005B4611 /* Coordinate.swift */,
				8DFBADFA2708AE03005B4611 /* MapObjectTypeDecoder.swift */,
				8DFBAE012709854F005B4611 /* MapObjectInfo.swift */,
			);
			path = Entity;
			sourceTree = "<group>";
		};
		8DD13EFB25E230FD00CEAB3B /* Views */ = {
			isa = PBXGroup;
			children = (
				8D6FE956270E122500FB8D5C /* Map */,
				8DFBADF42706214E005B4611 /* ConfigTab */,
				8DFBADF32706213F005B4611 /* ListTab */,
				8DFBADF227062139005B4611 /* MapTab */,
				8DEC410826F6091D0052A7D2 /* Root */,
			);
			path = Views;
			sourceTree = "<group>";
		};
		8DD13EFF25E2385200CEAB3B /* Top */ = {
			isa = PBXGroup;
			children = (
				8DE9F87125FDED6800302D31 /* View */,
				8D7D7C5925D4F37200BA86BF /* ContentViewModel.swift */,
				8D7D7C2825D4F00A00BA86BF /* ContentView.swift */,
				8DEC410B26F60B9B0052A7D2 /* TopView.swift */,
			);
			path = Top;
			sourceTree = "<group>";
		};
		8DD13F1125E23B9100CEAB3B /* MapObjectListOld */ = {
			isa = PBXGroup;
			children = (
				8DD13F1225E23BA300CEAB3B /* MapObjectListViewOld.swift */,
			);
			path = MapObjectListOld;
			sourceTree = "<group>";
		};
		8DE9F87125FDED6800302D31 /* View */ = {
			isa = PBXGroup;
			children = (
				8DE9F87225FDEDB600302D31 /* TopHeaderButton.swift */,
				8DFB31B525FDEF200010FCA2 /* TopPlusButton.swift */,
				8DFC44DE26FF4C2E00021E45 /* MapObjectView.swift */,
				8DFC44E026FF7CC400021E45 /* UIMapObjectViewDelegate.swift */,
			);
			path = View;
			sourceTree = "<group>";
		};
		8DEC410826F6091D0052A7D2 /* Root */ = {
			isa = PBXGroup;
			children = (
				8DEC410926F609520052A7D2 /* RootView.swift */,
			);
			path = Root;
			sourceTree = "<group>";
		};
		8DEC410D26F60BAB0052A7D2 /* MapLayerListView */ = {
			isa = PBXGroup;
			children = (
				8DEC410E26F60BC20052A7D2 /* MapLayerListView.swift */,
			);
			path = MapLayerListView;
			sourceTree = "<group>";
		};
		8DEC411026F60BC90052A7D2 /* Config */ = {
			isa = PBXGroup;
			children = (
				8DEC411126F60BD50052A7D2 /* ConfigView.swift */,
			);
			path = Config;
			sourceTree = "<group>";
		};
		8DEC412126F63D660052A7D2 /* Repository */ = {
			isa = PBXGroup;
			children = (
				8DEC412226F63D950052A7D2 /* FileRepository.swift */,
			);
			path = Repository;
			sourceTree = "<group>";
		};
		8DEC412426F63DC60052A7D2 /* Error */ = {
			isa = PBXGroup;
			children = (
				8DEC412526F63DE70052A7D2 /* InternalFileError.swift */,
			);
			path = Error;
			sourceTree = "<group>";
		};
		8DEC412726F716300052A7D2 /* MapLayerDetail */ = {
			isa = PBXGroup;
			children = (
				8DEC412826F7164A0052A7D2 /* MapLayerDetail.swift */,
			);
			path = MapLayerDetail;
			sourceTree = "<group>";
		};
		8DEC412A26F71A330052A7D2 /* MapObjectList */ = {
			isa = PBXGroup;
			children = (
				8DEC412B26F71E4E0052A7D2 /* MapObjectList.swift */,
			);
			path = MapObjectList;
			sourceTree = "<group>";
		};
		8DFBADF227062139005B4611 /* MapTab */ = {
			isa = PBXGroup;
			children = (
				8D11EA552610599400691E5D /* AddNewPolygon */,
				8DD13F1125E23B9100CEAB3B /* MapObjectListOld */,
				8DAFC2E725F4B076005FC550 /* AddNewPolyLine */,
				8D472D5425D8F789004267C1 /* AddNewPoint */,
				8DFBAE072709E6C5005B4611 /* MapObjectPreview */,
				8DD13EFF25E2385200CEAB3B /* Top */,
			);
			path = MapTab;
			sourceTree = "<group>";
		};
		8DFBADF32706213F005B4611 /* ListTab */ = {
			isa = PBXGroup;
			children = (
				8DEC411626F623510052A7D2 /* AddMapLayerView.swift */,
				8DFBAE11270CA2ED005B4611 /* AddMapPolylineObjectView.swift */,
				8DEC412E26F7251D0052A7D2 /* AddMapPointObjectView.swift */,
				8DFBADF527062350005B4611 /* MapPointDetail */,
				8DEC412A26F71A330052A7D2 /* MapObjectList */,
				8DEC412726F716300052A7D2 /* MapLayerDetail */,
				8DEC410D26F60BAB0052A7D2 /* MapLayerListView */,
			);
			path = ListTab;
			sourceTree = "<group>";
		};
		8DFBADF42706214E005B4611 /* ConfigTab */ = {
			isa = PBXGroup;
			children = (
				8DEC411026F60BC90052A7D2 /* Config */,
			);
			path = ConfigTab;
			sourceTree = "<group>";
		};
		8DFBADF527062350005B4611 /* MapPointDetail */ = {
			isa = PBXGroup;
			children = (
				8DFBADF627062366005B4611 /* MapObjectDetailView.swift */,
				8DFBADFF27098498005B4611 /* MapPointDetailView.swift */,
				8DFBAE03270986A5005B4611 /* MapPolylineDetailView.swift */,
				8DFBAE05270986B6005B4611 /* MapPolygonDetailView.swift */,
			);
			path = MapPointDetail;
			sourceTree = "<group>";
		};
		8DFBADFC2708AE95005B4611 /* Extension */ = {
			isa = PBXGroup;
			children = (
				8DFBADFD2708AEA5005B4611 /* CLLocationCoordinate2D+Extensino.swift */,
			);
			path = Extension;
			sourceTree = "<group>";
		};
		8DFBAE072709E6C5005B4611 /* MapObjectPreview */ = {
			isa = PBXGroup;
			children = (
				8DFBAE082709E6DE005B4611 /* MapObjectPreview.swift */,
				8DFBAE0A2709EA68005B4611 /* MapPointPreview.swift */,
				8DFBAE0C2709EB97005B4611 /* MapPolyLinePreview.swift */,
				8DFBAE0E2709EBB5005B4611 /* MapPolygonPreview.swift */,
			);
			path = MapObjectPreview;
			sourceTree = "<group>";
		};
/* End PBXGroup section */

/* Begin PBXNativeTarget section */
		8D7D7C2225D4F00A00BA86BF /* PersonalMap */ = {
			isa = PBXNativeTarget;
			buildConfigurationList = 8D7D7C4825D4F00C00BA86BF /* Build configuration list for PBXNativeTarget "PersonalMap" */;
			buildPhases = (
				8D7D7C1F25D4F00A00BA86BF /* Sources */,
				8D7D7C2025D4F00A00BA86BF /* Frameworks */,
				8D7D7C2125D4F00A00BA86BF /* Resources */,
			);
			buildRules = (
			);
			dependencies = (
			);
			name = PersonalMap;
			productName = PersonalMap;
			productReference = 8D7D7C2325D4F00A00BA86BF /* PersonalMap.app */;
			productType = "com.apple.product-type.application";
		};
		8D7D7C3325D4F00C00BA86BF /* PersonalMapTests */ = {
			isa = PBXNativeTarget;
			buildConfigurationList = 8D7D7C4B25D4F00C00BA86BF /* Build configuration list for PBXNativeTarget "PersonalMapTests" */;
			buildPhases = (
				8D7D7C3025D4F00C00BA86BF /* Sources */,
				8D7D7C3125D4F00C00BA86BF /* Frameworks */,
				8D7D7C3225D4F00C00BA86BF /* Resources */,
			);
			buildRules = (
			);
			dependencies = (
				8D7D7C3625D4F00C00BA86BF /* PBXTargetDependency */,
			);
			name = PersonalMapTests;
			productName = PersonalMapTests;
			productReference = 8D7D7C3425D4F00C00BA86BF /* PersonalMapTests.xctest */;
			productType = "com.apple.product-type.bundle.unit-test";
		};
		8D7D7C3E25D4F00C00BA86BF /* PersonalMapUITests */ = {
			isa = PBXNativeTarget;
			buildConfigurationList = 8D7D7C4E25D4F00C00BA86BF /* Build configuration list for PBXNativeTarget "PersonalMapUITests" */;
			buildPhases = (
				8D7D7C3B25D4F00C00BA86BF /* Sources */,
				8D7D7C3C25D4F00C00BA86BF /* Frameworks */,
				8D7D7C3D25D4F00C00BA86BF /* Resources */,
			);
			buildRules = (
			);
			dependencies = (
				8D7D7C4125D4F00C00BA86BF /* PBXTargetDependency */,
			);
			name = PersonalMapUITests;
			productName = PersonalMapUITests;
			productReference = 8D7D7C3F25D4F00C00BA86BF /* PersonalMapUITests.xctest */;
			productType = "com.apple.product-type.bundle.ui-testing";
		};
/* End PBXNativeTarget section */

/* Begin PBXProject section */
		8D7D7C1B25D4F00A00BA86BF /* Project object */ = {
			isa = PBXProject;
			attributes = {
				LastSwiftUpdateCheck = 1240;
				LastUpgradeCheck = 1240;
				TargetAttributes = {
					8D7D7C2225D4F00A00BA86BF = {
						CreatedOnToolsVersion = 12.4;
					};
					8D7D7C3325D4F00C00BA86BF = {
						CreatedOnToolsVersion = 12.4;
						TestTargetID = 8D7D7C2225D4F00A00BA86BF;
					};
					8D7D7C3E25D4F00C00BA86BF = {
						CreatedOnToolsVersion = 12.4;
						TestTargetID = 8D7D7C2225D4F00A00BA86BF;
					};
				};
			};
			buildConfigurationList = 8D7D7C1E25D4F00A00BA86BF /* Build configuration list for PBXProject "PersonalMap" */;
			compatibilityVersion = "Xcode 9.3";
			developmentRegion = en;
			hasScannedForEncodings = 0;
			knownRegions = (
				en,
				Base,
			);
			mainGroup = 8D7D7C1A25D4F00A00BA86BF;
			productRefGroup = 8D7D7C2425D4F00A00BA86BF /* Products */;
			projectDirPath = "";
			projectRoot = "";
			targets = (
				8D7D7C2225D4F00A00BA86BF /* PersonalMap */,
				8D7D7C3325D4F00C00BA86BF /* PersonalMapTests */,
				8D7D7C3E25D4F00C00BA86BF /* PersonalMapUITests */,
			);
		};
/* End PBXProject section */

/* Begin PBXResourcesBuildPhase section */
		8D7D7C2125D4F00A00BA86BF /* Resources */ = {
			isa = PBXResourcesBuildPhase;
			buildActionMask = 2147483647;
			files = (
				8D7D7C2E25D4F00C00BA86BF /* Preview Assets.xcassets in Resources */,
				8D7D7C2B25D4F00C00BA86BF /* Assets.xcassets in Resources */,
			);
			runOnlyForDeploymentPostprocessing = 0;
		};
		8D7D7C3225D4F00C00BA86BF /* Resources */ = {
			isa = PBXResourcesBuildPhase;
			buildActionMask = 2147483647;
			files = (
			);
			runOnlyForDeploymentPostprocessing = 0;
		};
		8D7D7C3D25D4F00C00BA86BF /* Resources */ = {
			isa = PBXResourcesBuildPhase;
			buildActionMask = 2147483647;
			files = (
			);
			runOnlyForDeploymentPostprocessing = 0;
		};
/* End PBXResourcesBuildPhase section */

/* Begin PBXSourcesBuildPhase section */
		8D7D7C1F25D4F00A00BA86BF /* Sources */ = {
			isa = PBXSourcesBuildPhase;
			buildActionMask = 2147483647;
			files = (
				8DE5AE5F25D8FD8400726DC1 /* AddInfoView.swift in Sources */,
				8DEC412926F7164A0052A7D2 /* MapLayerDetail.swift in Sources */,
				8DFBADF727062366005B4611 /* MapObjectDetailView.swift in Sources */,
				8DEC412626F63DE70052A7D2 /* InternalFileError.swift in Sources */,
				8DFBAE04270986A5005B4611 /* MapPolylineDetailView.swift in Sources */,
				8DEC412F26F7251D0052A7D2 /* AddMapPointObjectView.swift in Sources */,
				8DFBADFB2708AE03005B4611 /* MapObjectTypeDecoder.swift in Sources */,
				8DFBAE092709E6DE005B4611 /* MapObjectPreview.swift in Sources */,
				8DD13F1325E23BA300CEAB3B /* MapObjectListViewOld.swift in Sources */,
				8DD13F0225E2389E00CEAB3B /* Info.swift in Sources */,
				8D6FE95B270E9DEC00FB8D5C /* LocationSelecterView.swift in Sources */,
				8DFBAE0F2709EBB5005B4611 /* MapPolygonPreview.swift in Sources */,
				8DEC410A26F609520052A7D2 /* RootView.swift in Sources */,
				8D7D7C5A25D4F37200BA86BF /* ContentViewModel.swift in Sources */,
				8DCE59E025EBB38F00D080D2 /* MapObject.swift in Sources */,
				8D7D7C5525D4F02600BA86BF /* MultiLocationSelecterView.swift in Sources */,
				8D7D7C2925D4F00A00BA86BF /* ContentView.swift in Sources */,
				8DFC44DF26FF4C2E00021E45 /* MapObjectView.swift in Sources */,
				8DEC411726F623510052A7D2 /* AddMapLayerView.swift in Sources */,
				8DD13EF425E2308C00CEAB3B /* MapPoint.swift in Sources */,
				8DE9F87325FDEDB600302D31 /* TopHeaderButton.swift in Sources */,
				8DFBADFE2708AEA5005B4611 /* CLLocationCoordinate2D+Extensino.swift in Sources */,
				8D11EA57261059A800691E5D /* AddNewPolygonView.swift in Sources */,
				8D7D7C2725D4F00A00BA86BF /* PersonalMapApp.swift in Sources */,
				8DAFC2E925F4B091005FC550 /* AddNewPolyLineView.swift in Sources */,
				8DFBAE022709854F005B4611 /* MapObjectInfo.swift in Sources */,
				8DEC410F26F60BC20052A7D2 /* MapLayerListView.swift in Sources */,
				8DEC412326F63D950052A7D2 /* FileRepository.swift in Sources */,
				8D82550A2607272700D73A6D /* MapPolygon.swift in Sources */,
				8DFBAE06270986B6005B4611 /* MapPolygonDetailView.swift in Sources */,
				8DFBAE0D2709EB97005B4611 /* MapPolyLinePreview.swift in Sources */,
				8DFBADF927089F93005B4611 /* Coordinate.swift in Sources */,
				8DEC413226F734F40052A7D2 /* PointLocationSelecter.swift in Sources */,
				8DFBAE0027098498005B4611 /* MapPointDetailView.swift in Sources */,
				8D6FE959270E1CB000FB8D5C /* PolylineAndPolygonLocationSelecter.swift in Sources */,
				8D472D5025D8F554004267C1 /* AddNewPointView.swift in Sources */,
				8DEC412C26F71E4E0052A7D2 /* MapObjectList.swift in Sources */,
				8DEC411226F60BD50052A7D2 /* ConfigView.swift in Sources */,
				8DFBAE0B2709EA68005B4611 /* MapPointPreview.swift in Sources */,
				8DEC411426F61B180052A7D2 /* MapLayerProtcol.swift in Sources */,
				8DFBAE12270CA2ED005B4611 /* AddMapPolylineObjectView.swift in Sources */,
				8D6FE955270E0F0200FB8D5C /* CustomAnnotation.swift in Sources */,
				8DCE59DB25EBB36400D080D2 /* MapPolyLine.swift in Sources */,
				8DEC410C26F60B9B0052A7D2 /* TopView.swift in Sources */,
				8DFC44E126FF7CC400021E45 /* UIMapObjectViewDelegate.swift in Sources */,
				8DFB31B625FDEF200010FCA2 /* TopPlusButton.swift in Sources */,
			);
			runOnlyForDeploymentPostprocessing = 0;
		};
		8D7D7C3025D4F00C00BA86BF /* Sources */ = {
			isa = PBXSourcesBuildPhase;
			buildActionMask = 2147483647;
			files = (
				8D7D7C3925D4F00C00BA86BF /* PersonalMapTests.swift in Sources */,
			);
			runOnlyForDeploymentPostprocessing = 0;
		};
		8D7D7C3B25D4F00C00BA86BF /* Sources */ = {
			isa = PBXSourcesBuildPhase;
			buildActionMask = 2147483647;
			files = (
				8D7D7C4425D4F00C00BA86BF /* PersonalMapUITests.swift in Sources */,
			);
			runOnlyForDeploymentPostprocessing = 0;
		};
/* End PBXSourcesBuildPhase section */

/* Begin PBXTargetDependency section */
		8D7D7C3625D4F00C00BA86BF /* PBXTargetDependency */ = {
			isa = PBXTargetDependency;
			target = 8D7D7C2225D4F00A00BA86BF /* PersonalMap */;
			targetProxy = 8D7D7C3525D4F00C00BA86BF /* PBXContainerItemProxy */;
		};
		8D7D7C4125D4F00C00BA86BF /* PBXTargetDependency */ = {
			isa = PBXTargetDependency;
			target = 8D7D7C2225D4F00A00BA86BF /* PersonalMap */;
			targetProxy = 8D7D7C4025D4F00C00BA86BF /* PBXContainerItemProxy */;
		};
/* End PBXTargetDependency section */

/* Begin XCBuildConfiguration section */
		8D7D7C4625D4F00C00BA86BF /* Debug */ = {
			isa = XCBuildConfiguration;
			buildSettings = {
				ALWAYS_SEARCH_USER_PATHS = NO;
				CLANG_ANALYZER_NONNULL = YES;
				CLANG_ANALYZER_NUMBER_OBJECT_CONVERSION = YES_AGGRESSIVE;
				CLANG_CXX_LANGUAGE_STANDARD = "gnu++14";
				CLANG_CXX_LIBRARY = "libc++";
				CLANG_ENABLE_MODULES = YES;
				CLANG_ENABLE_OBJC_ARC = YES;
				CLANG_ENABLE_OBJC_WEAK = YES;
				CLANG_WARN_BLOCK_CAPTURE_AUTORELEASING = YES;
				CLANG_WARN_BOOL_CONVERSION = YES;
				CLANG_WARN_COMMA = YES;
				CLANG_WARN_CONSTANT_CONVERSION = YES;
				CLANG_WARN_DEPRECATED_OBJC_IMPLEMENTATIONS = YES;
				CLANG_WARN_DIRECT_OBJC_ISA_USAGE = YES_ERROR;
				CLANG_WARN_DOCUMENTATION_COMMENTS = YES;
				CLANG_WARN_EMPTY_BODY = YES;
				CLANG_WARN_ENUM_CONVERSION = YES;
				CLANG_WARN_INFINITE_RECURSION = YES;
				CLANG_WARN_INT_CONVERSION = YES;
				CLANG_WARN_NON_LITERAL_NULL_CONVERSION = YES;
				CLANG_WARN_OBJC_IMPLICIT_RETAIN_SELF = YES;
				CLANG_WARN_OBJC_LITERAL_CONVERSION = YES;
				CLANG_WARN_OBJC_ROOT_CLASS = YES_ERROR;
				CLANG_WARN_QUOTED_INCLUDE_IN_FRAMEWORK_HEADER = YES;
				CLANG_WARN_RANGE_LOOP_ANALYSIS = YES;
				CLANG_WARN_STRICT_PROTOTYPES = YES;
				CLANG_WARN_SUSPICIOUS_MOVE = YES;
				CLANG_WARN_UNGUARDED_AVAILABILITY = YES_AGGRESSIVE;
				CLANG_WARN_UNREACHABLE_CODE = YES;
				CLANG_WARN__DUPLICATE_METHOD_MATCH = YES;
				COPY_PHASE_STRIP = NO;
				DEBUG_INFORMATION_FORMAT = dwarf;
				ENABLE_STRICT_OBJC_MSGSEND = YES;
				ENABLE_TESTABILITY = YES;
				GCC_C_LANGUAGE_STANDARD = gnu11;
				GCC_DYNAMIC_NO_PIC = NO;
				GCC_NO_COMMON_BLOCKS = YES;
				GCC_OPTIMIZATION_LEVEL = 0;
				GCC_PREPROCESSOR_DEFINITIONS = (
					"DEBUG=1",
					"$(inherited)",
				);
				GCC_WARN_64_TO_32_BIT_CONVERSION = YES;
				GCC_WARN_ABOUT_RETURN_TYPE = YES_ERROR;
				GCC_WARN_UNDECLARED_SELECTOR = YES;
				GCC_WARN_UNINITIALIZED_AUTOS = YES_AGGRESSIVE;
				GCC_WARN_UNUSED_FUNCTION = YES;
				GCC_WARN_UNUSED_VARIABLE = YES;
				IPHONEOS_DEPLOYMENT_TARGET = 14.4;
				MTL_ENABLE_DEBUG_INFO = INCLUDE_SOURCE;
				MTL_FAST_MATH = YES;
				ONLY_ACTIVE_ARCH = YES;
				SDKROOT = iphoneos;
				SWIFT_ACTIVE_COMPILATION_CONDITIONS = DEBUG;
				SWIFT_OPTIMIZATION_LEVEL = "-Onone";
			};
			name = Debug;
		};
		8D7D7C4725D4F00C00BA86BF /* Release */ = {
			isa = XCBuildConfiguration;
			buildSettings = {
				ALWAYS_SEARCH_USER_PATHS = NO;
				CLANG_ANALYZER_NONNULL = YES;
				CLANG_ANALYZER_NUMBER_OBJECT_CONVERSION = YES_AGGRESSIVE;
				CLANG_CXX_LANGUAGE_STANDARD = "gnu++14";
				CLANG_CXX_LIBRARY = "libc++";
				CLANG_ENABLE_MODULES = YES;
				CLANG_ENABLE_OBJC_ARC = YES;
				CLANG_ENABLE_OBJC_WEAK = YES;
				CLANG_WARN_BLOCK_CAPTURE_AUTORELEASING = YES;
				CLANG_WARN_BOOL_CONVERSION = YES;
				CLANG_WARN_COMMA = YES;
				CLANG_WARN_CONSTANT_CONVERSION = YES;
				CLANG_WARN_DEPRECATED_OBJC_IMPLEMENTATIONS = YES;
				CLANG_WARN_DIRECT_OBJC_ISA_USAGE = YES_ERROR;
				CLANG_WARN_DOCUMENTATION_COMMENTS = YES;
				CLANG_WARN_EMPTY_BODY = YES;
				CLANG_WARN_ENUM_CONVERSION = YES;
				CLANG_WARN_INFINITE_RECURSION = YES;
				CLANG_WARN_INT_CONVERSION = YES;
				CLANG_WARN_NON_LITERAL_NULL_CONVERSION = YES;
				CLANG_WARN_OBJC_IMPLICIT_RETAIN_SELF = YES;
				CLANG_WARN_OBJC_LITERAL_CONVERSION = YES;
				CLANG_WARN_OBJC_ROOT_CLASS = YES_ERROR;
				CLANG_WARN_QUOTED_INCLUDE_IN_FRAMEWORK_HEADER = YES;
				CLANG_WARN_RANGE_LOOP_ANALYSIS = YES;
				CLANG_WARN_STRICT_PROTOTYPES = YES;
				CLANG_WARN_SUSPICIOUS_MOVE = YES;
				CLANG_WARN_UNGUARDED_AVAILABILITY = YES_AGGRESSIVE;
				CLANG_WARN_UNREACHABLE_CODE = YES;
				CLANG_WARN__DUPLICATE_METHOD_MATCH = YES;
				COPY_PHASE_STRIP = NO;
				DEBUG_INFORMATION_FORMAT = "dwarf-with-dsym";
				ENABLE_NS_ASSERTIONS = NO;
				ENABLE_STRICT_OBJC_MSGSEND = YES;
				GCC_C_LANGUAGE_STANDARD = gnu11;
				GCC_NO_COMMON_BLOCKS = YES;
				GCC_WARN_64_TO_32_BIT_CONVERSION = YES;
				GCC_WARN_ABOUT_RETURN_TYPE = YES_ERROR;
				GCC_WARN_UNDECLARED_SELECTOR = YES;
				GCC_WARN_UNINITIALIZED_AUTOS = YES_AGGRESSIVE;
				GCC_WARN_UNUSED_FUNCTION = YES;
				GCC_WARN_UNUSED_VARIABLE = YES;
				IPHONEOS_DEPLOYMENT_TARGET = 14.4;
				MTL_ENABLE_DEBUG_INFO = NO;
				MTL_FAST_MATH = YES;
				SDKROOT = iphoneos;
				SWIFT_COMPILATION_MODE = wholemodule;
				SWIFT_OPTIMIZATION_LEVEL = "-O";
				VALIDATE_PRODUCT = YES;
			};
			name = Release;
		};
		8D7D7C4925D4F00C00BA86BF /* Debug */ = {
			isa = XCBuildConfiguration;
			buildSettings = {
				ASSETCATALOG_COMPILER_APPICON_NAME = AppIcon;
				ASSETCATALOG_COMPILER_GLOBAL_ACCENT_COLOR_NAME = AccentColor;
				CODE_SIGN_STYLE = Automatic;
				DEVELOPMENT_ASSET_PATHS = "\"PersonalMap/Preview Content\"";
				DEVELOPMENT_TEAM = 5RH346BQ66;
				ENABLE_PREVIEWS = YES;
				INFOPLIST_FILE = PersonalMap/Info.plist;
				IPHONEOS_DEPLOYMENT_TARGET = 14.0;
				LD_RUNPATH_SEARCH_PATHS = (
					"$(inherited)",
					"@executable_path/Frameworks",
				);
				PRODUCT_BUNDLE_IDENTIFIER = com.swiswiswift.todo.PersonalMap;
				PRODUCT_NAME = "$(TARGET_NAME)";
				SWIFT_VERSION = 5.0;
				TARGETED_DEVICE_FAMILY = "1,2";
			};
			name = Debug;
		};
		8D7D7C4A25D4F00C00BA86BF /* Release */ = {
			isa = XCBuildConfiguration;
			buildSettings = {
				ASSETCATALOG_COMPILER_APPICON_NAME = AppIcon;
				ASSETCATALOG_COMPILER_GLOBAL_ACCENT_COLOR_NAME = AccentColor;
				CODE_SIGN_STYLE = Automatic;
				DEVELOPMENT_ASSET_PATHS = "\"PersonalMap/Preview Content\"";
				DEVELOPMENT_TEAM = 5RH346BQ66;
				ENABLE_PREVIEWS = YES;
				INFOPLIST_FILE = PersonalMap/Info.plist;
				IPHONEOS_DEPLOYMENT_TARGET = 14.0;
				LD_RUNPATH_SEARCH_PATHS = (
					"$(inherited)",
					"@executable_path/Frameworks",
				);
				PRODUCT_BUNDLE_IDENTIFIER = com.swiswiswift.todo.PersonalMap;
				PRODUCT_NAME = "$(TARGET_NAME)";
				SWIFT_VERSION = 5.0;
				TARGETED_DEVICE_FAMILY = "1,2";
			};
			name = Release;
		};
		8D7D7C4C25D4F00C00BA86BF /* Debug */ = {
			isa = XCBuildConfiguration;
			buildSettings = {
				ALWAYS_EMBED_SWIFT_STANDARD_LIBRARIES = YES;
				BUNDLE_LOADER = "$(TEST_HOST)";
				CODE_SIGN_STYLE = Automatic;
				DEVELOPMENT_TEAM = 5RH346BQ66;
				INFOPLIST_FILE = PersonalMapTests/Info.plist;
				IPHONEOS_DEPLOYMENT_TARGET = 14.0;
				LD_RUNPATH_SEARCH_PATHS = (
					"$(inherited)",
					"@executable_path/Frameworks",
					"@loader_path/Frameworks",
				);
				PRODUCT_BUNDLE_IDENTIFIER = com.swiswiswift.todo.PersonalMapTests;
				PRODUCT_NAME = "$(TARGET_NAME)";
				SWIFT_VERSION = 5.0;
				TARGETED_DEVICE_FAMILY = "1,2";
				TEST_HOST = "$(BUILT_PRODUCTS_DIR)/PersonalMap.app/PersonalMap";
			};
			name = Debug;
		};
		8D7D7C4D25D4F00C00BA86BF /* Release */ = {
			isa = XCBuildConfiguration;
			buildSettings = {
				ALWAYS_EMBED_SWIFT_STANDARD_LIBRARIES = YES;
				BUNDLE_LOADER = "$(TEST_HOST)";
				CODE_SIGN_STYLE = Automatic;
				DEVELOPMENT_TEAM = 5RH346BQ66;
				INFOPLIST_FILE = PersonalMapTests/Info.plist;
				IPHONEOS_DEPLOYMENT_TARGET = 14.0;
				LD_RUNPATH_SEARCH_PATHS = (
					"$(inherited)",
					"@executable_path/Frameworks",
					"@loader_path/Frameworks",
				);
				PRODUCT_BUNDLE_IDENTIFIER = com.swiswiswift.todo.PersonalMapTests;
				PRODUCT_NAME = "$(TARGET_NAME)";
				SWIFT_VERSION = 5.0;
				TARGETED_DEVICE_FAMILY = "1,2";
				TEST_HOST = "$(BUILT_PRODUCTS_DIR)/PersonalMap.app/PersonalMap";
			};
			name = Release;
		};
		8D7D7C4F25D4F00C00BA86BF /* Debug */ = {
			isa = XCBuildConfiguration;
			buildSettings = {
				ALWAYS_EMBED_SWIFT_STANDARD_LIBRARIES = YES;
				CODE_SIGN_STYLE = Automatic;
				DEVELOPMENT_TEAM = 5RH346BQ66;
				INFOPLIST_FILE = PersonalMapUITests/Info.plist;
				LD_RUNPATH_SEARCH_PATHS = (
					"$(inherited)",
					"@executable_path/Frameworks",
					"@loader_path/Frameworks",
				);
				PRODUCT_BUNDLE_IDENTIFIER = com.swiswiswift.todo.PersonalMapUITests;
				PRODUCT_NAME = "$(TARGET_NAME)";
				SWIFT_VERSION = 5.0;
				TARGETED_DEVICE_FAMILY = "1,2";
				TEST_TARGET_NAME = PersonalMap;
			};
			name = Debug;
		};
		8D7D7C5025D4F00C00BA86BF /* Release */ = {
			isa = XCBuildConfiguration;
			buildSettings = {
				ALWAYS_EMBED_SWIFT_STANDARD_LIBRARIES = YES;
				CODE_SIGN_STYLE = Automatic;
				DEVELOPMENT_TEAM = 5RH346BQ66;
				INFOPLIST_FILE = PersonalMapUITests/Info.plist;
				LD_RUNPATH_SEARCH_PATHS = (
					"$(inherited)",
					"@executable_path/Frameworks",
					"@loader_path/Frameworks",
				);
				PRODUCT_BUNDLE_IDENTIFIER = com.swiswiswift.todo.PersonalMapUITests;
				PRODUCT_NAME = "$(TARGET_NAME)";
				SWIFT_VERSION = 5.0;
				TARGETED_DEVICE_FAMILY = "1,2";
				TEST_TARGET_NAME = PersonalMap;
			};
			name = Release;
		};
/* End XCBuildConfiguration section */

/* Begin XCConfigurationList section */
		8D7D7C1E25D4F00A00BA86BF /* Build configuration list for PBXProject "PersonalMap" */ = {
			isa = XCConfigurationList;
			buildConfigurations = (
				8D7D7C4625D4F00C00BA86BF /* Debug */,
				8D7D7C4725D4F00C00BA86BF /* Release */,
			);
			defaultConfigurationIsVisible = 0;
			defaultConfigurationName = Release;
		};
		8D7D7C4825D4F00C00BA86BF /* Build configuration list for PBXNativeTarget "PersonalMap" */ = {
			isa = XCConfigurationList;
			buildConfigurations = (
				8D7D7C4925D4F00C00BA86BF /* Debug */,
				8D7D7C4A25D4F00C00BA86BF /* Release */,
			);
			defaultConfigurationIsVisible = 0;
			defaultConfigurationName = Release;
		};
		8D7D7C4B25D4F00C00BA86BF /* Build configuration list for PBXNativeTarget "PersonalMapTests" */ = {
			isa = XCConfigurationList;
			buildConfigurations = (
				8D7D7C4C25D4F00C00BA86BF /* Debug */,
				8D7D7C4D25D4F00C00BA86BF /* Release */,
			);
			defaultConfigurationIsVisible = 0;
			defaultConfigurationName = Release;
		};
		8D7D7C4E25D4F00C00BA86BF /* Build configuration list for PBXNativeTarget "PersonalMapUITests" */ = {
			isa = XCConfigurationList;
			buildConfigurations = (
				8D7D7C4F25D4F00C00BA86BF /* Debug */,
				8D7D7C5025D4F00C00BA86BF /* Release */,
			);
			defaultConfigurationIsVisible = 0;
			defaultConfigurationName = Release;
		};
/* End XCConfigurationList section */
	};
	rootObject = 8D7D7C1B25D4F00A00BA86BF /* Project object */;
}
