// !$*UTF8*$!
{
	archiveVersion = 1;
	classes = {
	};
	objectVersion = 50;
	objects = {

/* Begin PBXBuildFile section */
		8D250E5A27CF54AB000FDD70 /* Route.swift in Sources */ = {isa = PBXBuildFile; fileRef = 8D250E5927CF54AB000FDD70 /* Route.swift */; };
		8D29465D2739655B003F6389 /* CommonButton.swift in Sources */ = {isa = PBXBuildFile; fileRef = 8D29465C2739655B003F6389 /* CommonButton.swift */; };
		8D2B8F8327521B180071E571 /* ImagePicker.swift in Sources */ = {isa = PBXBuildFile; fileRef = 8D2B8F8227521B180071E571 /* ImagePicker.swift */; };
		8D2B8F85275228F70071E571 /* TextItemRow.swift in Sources */ = {isa = PBXBuildFile; fileRef = 8D2B8F84275228F70071E571 /* TextItemRow.swift */; };
		8D2B8F8727522A000071E571 /* URLItemRow.swift in Sources */ = {isa = PBXBuildFile; fileRef = 8D2B8F8627522A000071E571 /* URLItemRow.swift */; };
		8D2B8F8927522A800071E571 /* ImageItemRow.swift in Sources */ = {isa = PBXBuildFile; fileRef = 8D2B8F8827522A800071E571 /* ImageItemRow.swift */; };
		8D2BF2DD2815BE1800FC976A /* UIImageViewerView.swift in Sources */ = {isa = PBXBuildFile; fileRef = 8D2BF2DC2815BE1800FC976A /* UIImageViewerView.swift */; };
		8D2BF2DF2815BE3B00FC976A /* ImageViewer.swift in Sources */ = {isa = PBXBuildFile; fileRef = 8D2BF2DE2815BE3B00FC976A /* ImageViewer.swift */; };
		8D34681E2809BDA300822803 /* ConfigViewState.swift in Sources */ = {isa = PBXBuildFile; fileRef = 8D34681D2809BDA300822803 /* ConfigViewState.swift */; };
		8D3468202809C56400822803 /* ActivityViewController.swift in Sources */ = {isa = PBXBuildFile; fileRef = 8D34681F2809C56400822803 /* ActivityViewController.swift */; };
		8D3468222809C68A00822803 /* MyWebView.swift in Sources */ = {isa = PBXBuildFile; fileRef = 8D3468212809C68A00822803 /* MyWebView.swift */; };
		8D346828280C0CD000822803 /* EditMapPointViewState.swift in Sources */ = {isa = PBXBuildFile; fileRef = 8D346827280C0CD000822803 /* EditMapPointViewState.swift */; };
		8D34682F280C14BC00822803 /* AddMapPointViewState.swift in Sources */ = {isa = PBXBuildFile; fileRef = 8D34682E280C14BC00822803 /* AddMapPointViewState.swift */; };
		8D346831280C73CC00822803 /* AddMapPolylineViewState.swift in Sources */ = {isa = PBXBuildFile; fileRef = 8D346830280C73CC00822803 /* AddMapPolylineViewState.swift */; };
		8D346833280C75A700822803 /* MapObjectMultiLocationSelecter.swift in Sources */ = {isa = PBXBuildFile; fileRef = 8D346832280C75A700822803 /* MapObjectMultiLocationSelecter.swift */; };
		8D346835280C78BA00822803 /* MapObjectMultiLocationSelecterSheet.swift in Sources */ = {isa = PBXBuildFile; fileRef = 8D346834280C78BA00822803 /* MapObjectMultiLocationSelecterSheet.swift */; };
		8D346837280C791600822803 /* AddMapPolygonViewState.swift in Sources */ = {isa = PBXBuildFile; fileRef = 8D346836280C791600822803 /* AddMapPolygonViewState.swift */; };
		8D34683B280C7E2E00822803 /* EditMapPolygonViewState.swift in Sources */ = {isa = PBXBuildFile; fileRef = 8D34683A280C7E2E00822803 /* EditMapPolygonViewState.swift */; };
		8D34683D280C7E4A00822803 /* EditMapPolylineViewState.swift in Sources */ = {isa = PBXBuildFile; fileRef = 8D34683C280C7E4A00822803 /* EditMapPolylineViewState.swift */; };
		8D346842280EB2B300822803 /* AddMapLayerViewState.swift in Sources */ = {isa = PBXBuildFile; fileRef = 8D346841280EB2B300822803 /* AddMapLayerViewState.swift */; };
		8D346845280EBC5900822803 /* MapObjectItemsSheetItem.swift in Sources */ = {isa = PBXBuildFile; fileRef = 8D346844280EBC5900822803 /* MapObjectItemsSheetItem.swift */; };
		8D346848280F0E4700822803 /* ImageViewerView.swift in Sources */ = {isa = PBXBuildFile; fileRef = 8D346847280F0E4700822803 /* ImageViewerView.swift */; };
		8D34684D280F175E00822803 /* ObjectNamePreview.swift in Sources */ = {isa = PBXBuildFile; fileRef = 8D34684C280F175E00822803 /* ObjectNamePreview.swift */; };
		8D346850280F1F9000822803 /* ObjectLocationPreview.swift in Sources */ = {isa = PBXBuildFile; fileRef = 8D34684F280F1F9000822803 /* ObjectLocationPreview.swift */; };
		8D346852280F207A00822803 /* ObjectItemsPreview.swift in Sources */ = {isa = PBXBuildFile; fileRef = 8D346851280F207A00822803 /* ObjectItemsPreview.swift */; };
		8D346854280F218F00822803 /* ObjectItemsPreviewSheetItem.swift in Sources */ = {isa = PBXBuildFile; fileRef = 8D346853280F218F00822803 /* ObjectItemsPreviewSheetItem.swift */; };
		8D346856280F263700822803 /* ObjectLocationsPreview.swift in Sources */ = {isa = PBXBuildFile; fileRef = 8D346855280F263700822803 /* ObjectLocationsPreview.swift */; };
		8D3ABE252714011300584BDC /* AddMapPolygonObjectView.swift in Sources */ = {isa = PBXBuildFile; fileRef = 8D3ABE242714011300584BDC /* AddMapPolygonObjectView.swift */; };
		8D5280F6284E422F003875A0 /* AddItemTextContent.swift in Sources */ = {isa = PBXBuildFile; fileRef = 8D5280F5284E422F003875A0 /* AddItemTextContent.swift */; };
		8D5280F8284E42A9003875A0 /* AddItemUrlContent.swift in Sources */ = {isa = PBXBuildFile; fileRef = 8D5280F7284E42A9003875A0 /* AddItemUrlContent.swift */; };
		8D5280FA284E4312003875A0 /* AddItemImageContent.swift in Sources */ = {isa = PBXBuildFile; fileRef = 8D5280F9284E4312003875A0 /* AddItemImageContent.swift */; };
		8D5280FC284E4413003875A0 /* AddItemPDFContent.swift in Sources */ = {isa = PBXBuildFile; fileRef = 8D5280FB284E4413003875A0 /* AddItemPDFContent.swift */; };
		8D5280FE284E45AB003875A0 /* AddItemViewSheet.swift in Sources */ = {isa = PBXBuildFile; fileRef = 8D5280FD284E45AB003875A0 /* AddItemViewSheet.swift */; };
		8D6FE955270E0F0200FB8D5C /* CustomAnnotation.swift in Sources */ = {isa = PBXBuildFile; fileRef = 8D6FE954270E0F0200FB8D5C /* CustomAnnotation.swift */; };
		8D6FE959270E1CB000FB8D5C /* MultiLocationSelecter.swift in Sources */ = {isa = PBXBuildFile; fileRef = 8D6FE958270E1CB000FB8D5C /* MultiLocationSelecter.swift */; };
		8D7D7C2725D4F00A00BA86BF /* PersonalMapApp.swift in Sources */ = {isa = PBXBuildFile; fileRef = 8D7D7C2625D4F00A00BA86BF /* PersonalMapApp.swift */; };
		8D7D7C2B25D4F00C00BA86BF /* Assets.xcassets in Resources */ = {isa = PBXBuildFile; fileRef = 8D7D7C2A25D4F00C00BA86BF /* Assets.xcassets */; };
		8D7D7C2E25D4F00C00BA86BF /* Preview Assets.xcassets in Resources */ = {isa = PBXBuildFile; fileRef = 8D7D7C2D25D4F00C00BA86BF /* Preview Assets.xcassets */; };
		8D7D7C3925D4F00C00BA86BF /* PersonalMapTests.swift in Sources */ = {isa = PBXBuildFile; fileRef = 8D7D7C3825D4F00C00BA86BF /* PersonalMapTests.swift */; };
		8D7D7C4425D4F00C00BA86BF /* PersonalMapUITests.swift in Sources */ = {isa = PBXBuildFile; fileRef = 8D7D7C4325D4F00C00BA86BF /* PersonalMapUITests.swift */; };
		8D82550A2607272700D73A6D /* MapPolygon.swift in Sources */ = {isa = PBXBuildFile; fileRef = 8D8255092607272700D73A6D /* MapPolygon.swift */; };
		8DA485552857202F00C32F3D /* AddItemViewState.swift in Sources */ = {isa = PBXBuildFile; fileRef = 8DA485542857202F00C32F3D /* AddItemViewState.swift */; };
		8DA4855728586D1F00C32F3D /* PDFPickerView.swift in Sources */ = {isa = PBXBuildFile; fileRef = 8DA4855628586D1F00C32F3D /* PDFPickerView.swift */; };
		8DA4855C2858CA3900C32F3D /* PDFItemRow.swift in Sources */ = {isa = PBXBuildFile; fileRef = 8DA4855B2858CA3800C32F3D /* PDFItemRow.swift */; };
		8DA4855F2858CEAB00C32F3D /* PDFViewerView.swift in Sources */ = {isa = PBXBuildFile; fileRef = 8DA4855E2858CEAB00C32F3D /* PDFViewerView.swift */; };
		8DA5CD8327FD8A97006B8FB4 /* MapObjectListViewState.swift in Sources */ = {isa = PBXBuildFile; fileRef = 8DA5CD8227FD8A97006B8FB4 /* MapObjectListViewState.swift */; };
		8DA5CD8527FD8B00006B8FB4 /* MapLayerListViewState.swift in Sources */ = {isa = PBXBuildFile; fileRef = 8DA5CD8427FD8B00006B8FB4 /* MapLayerListViewState.swift */; };
		8DA5CD8727FDEAE9006B8FB4 /* TopSheetItem.swift in Sources */ = {isa = PBXBuildFile; fileRef = 8DA5CD8627FDEAE9006B8FB4 /* TopSheetItem.swift */; };
		8DA5CD8927FDEB08006B8FB4 /* TopAlertItem.swift in Sources */ = {isa = PBXBuildFile; fileRef = 8DA5CD8827FDEB08006B8FB4 /* TopAlertItem.swift */; };
		8DAE528B27E9B2FB00C5DF22 /* LocationSelecterView.swift in Sources */ = {isa = PBXBuildFile; fileRef = 8DAE528A27E9B2FB00C5DF22 /* LocationSelecterView.swift */; };
		8DB0353A27AF9EC0004B800F /* TopViewState.swift in Sources */ = {isa = PBXBuildFile; fileRef = 8DB0353927AF9EC0004B800F /* TopViewState.swift */; };
		8DB0353C27AFB865004B800F /* LocationManager.swift in Sources */ = {isa = PBXBuildFile; fileRef = 8DB0353B27AFB865004B800F /* LocationManager.swift */; };
		8DB57DA1278157A200CF6938 /* MapObjectLabelTextField.swift in Sources */ = {isa = PBXBuildFile; fileRef = 8DB57DA0278157A200CF6938 /* MapObjectLabelTextField.swift */; };
		8DB57DA527815D8D00CF6938 /* MapObjectSymbolSelecter.swift in Sources */ = {isa = PBXBuildFile; fileRef = 8DB57DA427815D8D00CF6938 /* MapObjectSymbolSelecter.swift */; };
		8DB57DA7278169BD00CF6938 /* MapObjectSingleLocationSelecter.swift in Sources */ = {isa = PBXBuildFile; fileRef = 8DB57DA6278169BD00CF6938 /* MapObjectSingleLocationSelecter.swift */; };
		8DB57DA927816AE000CF6938 /* MapObjectItems.swift in Sources */ = {isa = PBXBuildFile; fileRef = 8DB57DA827816AE000CF6938 /* MapObjectItems.swift */; };
		8DB57DAB2782914D00CF6938 /* MapObjectEditLocation.swift in Sources */ = {isa = PBXBuildFile; fileRef = 8DB57DAA2782914D00CF6938 /* MapObjectEditLocation.swift */; };
		8DBE18D7283F51CA000AA794 /* MapObjectHiddenSelecter.swift in Sources */ = {isa = PBXBuildFile; fileRef = 8DBE18D6283F51CA000AA794 /* MapObjectHiddenSelecter.swift */; };
		8DCE59DB25EBB36400D080D2 /* MapPolyline.swift in Sources */ = {isa = PBXBuildFile; fileRef = 8DCE59DA25EBB36400D080D2 /* MapPolyline.swift */; };
		8DCE59E025EBB38F00D080D2 /* MapObject.swift in Sources */ = {isa = PBXBuildFile; fileRef = 8DCE59DF25EBB38F00D080D2 /* MapObject.swift */; };
		8DD13EF425E2308C00CEAB3B /* MapPoint.swift in Sources */ = {isa = PBXBuildFile; fileRef = 8DD13EF325E2308C00CEAB3B /* MapPoint.swift */; };
		8DD13F0225E2389E00CEAB3B /* Item.swift in Sources */ = {isa = PBXBuildFile; fileRef = 8DD13F0125E2389E00CEAB3B /* Item.swift */; };
		8DD51D9A27462929009269F1 /* SymbolSelecter.swift in Sources */ = {isa = PBXBuildFile; fileRef = 8DD51D9927462929009269F1 /* SymbolSelecter.swift */; };
		8DD51D9C274A8D34009269F1 /* AddItemView.swift in Sources */ = {isa = PBXBuildFile; fileRef = 8DD51D9B274A8D34009269F1 /* AddItemView.swift */; };
		8DD51D9E274A975C009269F1 /* ItemListView.swift in Sources */ = {isa = PBXBuildFile; fileRef = 8DD51D9D274A975C009269F1 /* ItemListView.swift */; };
		8DD51DB7274C9FC0009269F1 /* ItemType.swift in Sources */ = {isa = PBXBuildFile; fileRef = 8DD51DB6274C9FC0009269F1 /* ItemType.swift */; };
		8DE5AE5F25D8FD8400726DC1 /* AddInfoView.swift in Sources */ = {isa = PBXBuildFile; fileRef = 8DE5AE5E25D8FD8400726DC1 /* AddInfoView.swift */; };
		8DEC410A26F609520052A7D2 /* RootView.swift in Sources */ = {isa = PBXBuildFile; fileRef = 8DEC410926F609520052A7D2 /* RootView.swift */; };
		8DEC410C26F60B9B0052A7D2 /* TopView.swift in Sources */ = {isa = PBXBuildFile; fileRef = 8DEC410B26F60B9B0052A7D2 /* TopView.swift */; };
		8DEC410F26F60BC20052A7D2 /* MapLayerListView.swift in Sources */ = {isa = PBXBuildFile; fileRef = 8DEC410E26F60BC20052A7D2 /* MapLayerListView.swift */; };
		8DEC411226F60BD50052A7D2 /* ConfigView.swift in Sources */ = {isa = PBXBuildFile; fileRef = 8DEC411126F60BD50052A7D2 /* ConfigView.swift */; };
		8DEC411426F61B180052A7D2 /* MapLayerProtcol.swift in Sources */ = {isa = PBXBuildFile; fileRef = 8DEC411326F61B180052A7D2 /* MapLayerProtcol.swift */; };
		8DEC411726F623510052A7D2 /* AddMapLayerView.swift in Sources */ = {isa = PBXBuildFile; fileRef = 8DEC411626F623510052A7D2 /* AddMapLayerView.swift */; };
		8DEC412326F63D950052A7D2 /* FileRepository.swift in Sources */ = {isa = PBXBuildFile; fileRef = 8DEC412226F63D950052A7D2 /* FileRepository.swift */; };
		8DEC412626F63DE70052A7D2 /* InternalFileError.swift in Sources */ = {isa = PBXBuildFile; fileRef = 8DEC412526F63DE70052A7D2 /* InternalFileError.swift */; };
		8DEC412C26F71E4E0052A7D2 /* MapObjectListView.swift in Sources */ = {isa = PBXBuildFile; fileRef = 8DEC412B26F71E4E0052A7D2 /* MapObjectListView.swift */; };
		8DEC412F26F7251D0052A7D2 /* AddMapPointView.swift in Sources */ = {isa = PBXBuildFile; fileRef = 8DEC412E26F7251D0052A7D2 /* AddMapPointView.swift */; };
		8DEC413226F734F40052A7D2 /* SingleLocationSelecter.swift in Sources */ = {isa = PBXBuildFile; fileRef = 8DEC413126F734F40052A7D2 /* SingleLocationSelecter.swift */; };
		8DF609D2282191F2005C384E /* Notification+extension.swift in Sources */ = {isa = PBXBuildFile; fileRef = 8DF609D1282191F2005C384E /* Notification+extension.swift */; };
		8DFBADF927089F93005B4611 /* Coordinate.swift in Sources */ = {isa = PBXBuildFile; fileRef = 8DFBADF827089F93005B4611 /* Coordinate.swift */; };
		8DFBADFB2708AE03005B4611 /* MapObjectTypeDecoder.swift in Sources */ = {isa = PBXBuildFile; fileRef = 8DFBADFA2708AE03005B4611 /* MapObjectTypeDecoder.swift */; };
		8DFBADFE2708AEA5005B4611 /* CLLocationCoordinate2D+extensinon.swift in Sources */ = {isa = PBXBuildFile; fileRef = 8DFBADFD2708AEA5005B4611 /* CLLocationCoordinate2D+extensinon.swift */; };
		8DFBAE0027098498005B4611 /* EditMapPointView.swift in Sources */ = {isa = PBXBuildFile; fileRef = 8DFBADFF27098498005B4611 /* EditMapPointView.swift */; };
		8DFBAE022709854F005B4611 /* MapObjectInfo.swift in Sources */ = {isa = PBXBuildFile; fileRef = 8DFBAE012709854F005B4611 /* MapObjectInfo.swift */; };
		8DFBAE04270986A5005B4611 /* EditMapPolylineView.swift in Sources */ = {isa = PBXBuildFile; fileRef = 8DFBAE03270986A5005B4611 /* EditMapPolylineView.swift */; };
		8DFBAE06270986B6005B4611 /* EditMapPolygonView.swift in Sources */ = {isa = PBXBuildFile; fileRef = 8DFBAE05270986B6005B4611 /* EditMapPolygonView.swift */; };
		8DFBAE092709E6DE005B4611 /* MapObjectPreviewViewDelegate.swift in Sources */ = {isa = PBXBuildFile; fileRef = 8DFBAE082709E6DE005B4611 /* MapObjectPreviewViewDelegate.swift */; };
		8DFBAE0B2709EA68005B4611 /* MapPointPreview.swift in Sources */ = {isa = PBXBuildFile; fileRef = 8DFBAE0A2709EA68005B4611 /* MapPointPreview.swift */; };
		8DFBAE0D2709EB97005B4611 /* MapPolyLinePreview.swift in Sources */ = {isa = PBXBuildFile; fileRef = 8DFBAE0C2709EB97005B4611 /* MapPolyLinePreview.swift */; };
		8DFBAE0F2709EBB5005B4611 /* MapPolygonPreview.swift in Sources */ = {isa = PBXBuildFile; fileRef = 8DFBAE0E2709EBB5005B4611 /* MapPolygonPreview.swift */; };
		8DFBAE12270CA2ED005B4611 /* AddMapPolylineObjectView.swift in Sources */ = {isa = PBXBuildFile; fileRef = 8DFBAE11270CA2ED005B4611 /* AddMapPolylineObjectView.swift */; };
		8DFC44DF26FF4C2E00021E45 /* MapObjectView.swift in Sources */ = {isa = PBXBuildFile; fileRef = 8DFC44DE26FF4C2E00021E45 /* MapObjectView.swift */; };
		8DFC44E126FF7CC400021E45 /* UIMapObjectViewDelegate.swift in Sources */ = {isa = PBXBuildFile; fileRef = 8DFC44E026FF7CC400021E45 /* UIMapObjectViewDelegate.swift */; };
/* End PBXBuildFile section */

/* Begin PBXContainerItemProxy section */
		8D7D7C3525D4F00C00BA86BF /* PBXContainerItemProxy */ = {
			isa = PBXContainerItemProxy;
			containerPortal = 8D7D7C1B25D4F00A00BA86BF /* Project object */;
			proxyType = 1;
			remoteGlobalIDString = 8D7D7C2225D4F00A00BA86BF;
			remoteInfo = PersonalMap;
		};
		8D7D7C4025D4F00C00BA86BF /* PBXContainerItemProxy */ = {
			isa = PBXContainerItemProxy;
			containerPortal = 8D7D7C1B25D4F00A00BA86BF /* Project object */;
			proxyType = 1;
			remoteGlobalIDString = 8D7D7C2225D4F00A00BA86BF;
			remoteInfo = PersonalMap;
		};
/* End PBXContainerItemProxy section */

/* Begin PBXFileReference section */
		8D250E5927CF54AB000FDD70 /* Route.swift */ = {isa = PBXFileReference; lastKnownFileType = sourcecode.swift; path = Route.swift; sourceTree = "<group>"; };
		8D29465C2739655B003F6389 /* CommonButton.swift */ = {isa = PBXFileReference; lastKnownFileType = sourcecode.swift; path = CommonButton.swift; sourceTree = "<group>"; };
		8D2B8F8227521B180071E571 /* ImagePicker.swift */ = {isa = PBXFileReference; lastKnownFileType = sourcecode.swift; path = ImagePicker.swift; sourceTree = "<group>"; };
		8D2B8F84275228F70071E571 /* TextItemRow.swift */ = {isa = PBXFileReference; lastKnownFileType = sourcecode.swift; path = TextItemRow.swift; sourceTree = "<group>"; };
		8D2B8F8627522A000071E571 /* URLItemRow.swift */ = {isa = PBXFileReference; lastKnownFileType = sourcecode.swift; path = URLItemRow.swift; sourceTree = "<group>"; };
		8D2B8F8827522A800071E571 /* ImageItemRow.swift */ = {isa = PBXFileReference; lastKnownFileType = sourcecode.swift; path = ImageItemRow.swift; sourceTree = "<group>"; };
		8D2BF2DC2815BE1800FC976A /* UIImageViewerView.swift */ = {isa = PBXFileReference; lastKnownFileType = sourcecode.swift; path = UIImageViewerView.swift; sourceTree = "<group>"; };
		8D2BF2DE2815BE3B00FC976A /* ImageViewer.swift */ = {isa = PBXFileReference; lastKnownFileType = sourcecode.swift; path = ImageViewer.swift; sourceTree = "<group>"; };
		8D34681D2809BDA300822803 /* ConfigViewState.swift */ = {isa = PBXFileReference; lastKnownFileType = sourcecode.swift; path = ConfigViewState.swift; sourceTree = "<group>"; };
		8D34681F2809C56400822803 /* ActivityViewController.swift */ = {isa = PBXFileReference; lastKnownFileType = sourcecode.swift; path = ActivityViewController.swift; sourceTree = "<group>"; };
		8D3468212809C68A00822803 /* MyWebView.swift */ = {isa = PBXFileReference; lastKnownFileType = sourcecode.swift; path = MyWebView.swift; sourceTree = "<group>"; };
		8D346827280C0CD000822803 /* EditMapPointViewState.swift */ = {isa = PBXFileReference; lastKnownFileType = sourcecode.swift; path = EditMapPointViewState.swift; sourceTree = "<group>"; };
		8D34682E280C14BC00822803 /* AddMapPointViewState.swift */ = {isa = PBXFileReference; lastKnownFileType = sourcecode.swift; path = AddMapPointViewState.swift; sourceTree = "<group>"; };
		8D346830280C73CC00822803 /* AddMapPolylineViewState.swift */ = {isa = PBXFileReference; lastKnownFileType = sourcecode.swift; path = AddMapPolylineViewState.swift; sourceTree = "<group>"; };
		8D346832280C75A700822803 /* MapObjectMultiLocationSelecter.swift */ = {isa = PBXFileReference; lastKnownFileType = sourcecode.swift; path = MapObjectMultiLocationSelecter.swift; sourceTree = "<group>"; };
		8D346834280C78BA00822803 /* MapObjectMultiLocationSelecterSheet.swift */ = {isa = PBXFileReference; lastKnownFileType = sourcecode.swift; path = MapObjectMultiLocationSelecterSheet.swift; sourceTree = "<group>"; };
		8D346836280C791600822803 /* AddMapPolygonViewState.swift */ = {isa = PBXFileReference; lastKnownFileType = sourcecode.swift; path = AddMapPolygonViewState.swift; sourceTree = "<group>"; };
		8D34683A280C7E2E00822803 /* EditMapPolygonViewState.swift */ = {isa = PBXFileReference; lastKnownFileType = sourcecode.swift; path = EditMapPolygonViewState.swift; sourceTree = "<group>"; };
		8D34683C280C7E4A00822803 /* EditMapPolylineViewState.swift */ = {isa = PBXFileReference; lastKnownFileType = sourcecode.swift; path = EditMapPolylineViewState.swift; sourceTree = "<group>"; };
		8D346841280EB2B300822803 /* AddMapLayerViewState.swift */ = {isa = PBXFileReference; lastKnownFileType = sourcecode.swift; path = AddMapLayerViewState.swift; sourceTree = "<group>"; };
		8D346844280EBC5900822803 /* MapObjectItemsSheetItem.swift */ = {isa = PBXFileReference; lastKnownFileType = sourcecode.swift; path = MapObjectItemsSheetItem.swift; sourceTree = "<group>"; };
		8D346847280F0E4700822803 /* ImageViewerView.swift */ = {isa = PBXFileReference; lastKnownFileType = sourcecode.swift; path = ImageViewerView.swift; sourceTree = "<group>"; };
		8D34684C280F175E00822803 /* ObjectNamePreview.swift */ = {isa = PBXFileReference; lastKnownFileType = sourcecode.swift; path = ObjectNamePreview.swift; sourceTree = "<group>"; };
		8D34684F280F1F9000822803 /* ObjectLocationPreview.swift */ = {isa = PBXFileReference; lastKnownFileType = sourcecode.swift; path = ObjectLocationPreview.swift; sourceTree = "<group>"; };
		8D346851280F207A00822803 /* ObjectItemsPreview.swift */ = {isa = PBXFileReference; lastKnownFileType = sourcecode.swift; path = ObjectItemsPreview.swift; sourceTree = "<group>"; };
		8D346853280F218F00822803 /* ObjectItemsPreviewSheetItem.swift */ = {isa = PBXFileReference; lastKnownFileType = sourcecode.swift; path = ObjectItemsPreviewSheetItem.swift; sourceTree = "<group>"; };
		8D346855280F263700822803 /* ObjectLocationsPreview.swift */ = {isa = PBXFileReference; lastKnownFileType = sourcecode.swift; path = ObjectLocationsPreview.swift; sourceTree = "<group>"; };
		8D3ABE242714011300584BDC /* AddMapPolygonObjectView.swift */ = {isa = PBXFileReference; lastKnownFileType = sourcecode.swift; path = AddMapPolygonObjectView.swift; sourceTree = "<group>"; };
		8D5280F5284E422F003875A0 /* AddItemTextContent.swift */ = {isa = PBXFileReference; lastKnownFileType = sourcecode.swift; path = AddItemTextContent.swift; sourceTree = "<group>"; };
		8D5280F7284E42A9003875A0 /* AddItemUrlContent.swift */ = {isa = PBXFileReference; lastKnownFileType = sourcecode.swift; path = AddItemUrlContent.swift; sourceTree = "<group>"; };
		8D5280F9284E4312003875A0 /* AddItemImageContent.swift */ = {isa = PBXFileReference; lastKnownFileType = sourcecode.swift; path = AddItemImageContent.swift; sourceTree = "<group>"; };
		8D5280FB284E4413003875A0 /* AddItemPDFContent.swift */ = {isa = PBXFileReference; lastKnownFileType = sourcecode.swift; path = AddItemPDFContent.swift; sourceTree = "<group>"; };
		8D5280FD284E45AB003875A0 /* AddItemViewSheet.swift */ = {isa = PBXFileReference; lastKnownFileType = sourcecode.swift; path = AddItemViewSheet.swift; sourceTree = "<group>"; };
		8D6FE954270E0F0200FB8D5C /* CustomAnnotation.swift */ = {isa = PBXFileReference; lastKnownFileType = sourcecode.swift; path = CustomAnnotation.swift; sourceTree = "<group>"; };
		8D6FE958270E1CB000FB8D5C /* MultiLocationSelecter.swift */ = {isa = PBXFileReference; lastKnownFileType = sourcecode.swift; path = MultiLocationSelecter.swift; sourceTree = "<group>"; };
		8D7D7C2325D4F00A00BA86BF /* PersonalMap.app */ = {isa = PBXFileReference; explicitFileType = wrapper.application; includeInIndex = 0; path = PersonalMap.app; sourceTree = BUILT_PRODUCTS_DIR; };
		8D7D7C2625D4F00A00BA86BF /* PersonalMapApp.swift */ = {isa = PBXFileReference; lastKnownFileType = sourcecode.swift; path = PersonalMapApp.swift; sourceTree = "<group>"; };
		8D7D7C2A25D4F00C00BA86BF /* Assets.xcassets */ = {isa = PBXFileReference; lastKnownFileType = folder.assetcatalog; path = Assets.xcassets; sourceTree = "<group>"; };
		8D7D7C2D25D4F00C00BA86BF /* Preview Assets.xcassets */ = {isa = PBXFileReference; lastKnownFileType = folder.assetcatalog; path = "Preview Assets.xcassets"; sourceTree = "<group>"; };
		8D7D7C2F25D4F00C00BA86BF /* Info.plist */ = {isa = PBXFileReference; lastKnownFileType = text.plist.xml; path = Info.plist; sourceTree = "<group>"; };
		8D7D7C3425D4F00C00BA86BF /* PersonalMapTests.xctest */ = {isa = PBXFileReference; explicitFileType = wrapper.cfbundle; includeInIndex = 0; path = PersonalMapTests.xctest; sourceTree = BUILT_PRODUCTS_DIR; };
		8D7D7C3825D4F00C00BA86BF /* PersonalMapTests.swift */ = {isa = PBXFileReference; lastKnownFileType = sourcecode.swift; path = PersonalMapTests.swift; sourceTree = "<group>"; };
		8D7D7C3A25D4F00C00BA86BF /* Info.plist */ = {isa = PBXFileReference; lastKnownFileType = text.plist.xml; path = Info.plist; sourceTree = "<group>"; };
		8D7D7C3F25D4F00C00BA86BF /* PersonalMapUITests.xctest */ = {isa = PBXFileReference; explicitFileType = wrapper.cfbundle; includeInIndex = 0; path = PersonalMapUITests.xctest; sourceTree = BUILT_PRODUCTS_DIR; };
		8D7D7C4325D4F00C00BA86BF /* PersonalMapUITests.swift */ = {isa = PBXFileReference; lastKnownFileType = sourcecode.swift; path = PersonalMapUITests.swift; sourceTree = "<group>"; };
		8D7D7C4525D4F00C00BA86BF /* Info.plist */ = {isa = PBXFileReference; lastKnownFileType = text.plist.xml; path = Info.plist; sourceTree = "<group>"; };
		8D8255092607272700D73A6D /* MapPolygon.swift */ = {isa = PBXFileReference; lastKnownFileType = sourcecode.swift; path = MapPolygon.swift; sourceTree = "<group>"; };
		8DA485542857202F00C32F3D /* AddItemViewState.swift */ = {isa = PBXFileReference; lastKnownFileType = sourcecode.swift; path = AddItemViewState.swift; sourceTree = "<group>"; };
		8DA4855628586D1F00C32F3D /* PDFPickerView.swift */ = {isa = PBXFileReference; lastKnownFileType = sourcecode.swift; path = PDFPickerView.swift; sourceTree = "<group>"; };
		8DA4855B2858CA3800C32F3D /* PDFItemRow.swift */ = {isa = PBXFileReference; lastKnownFileType = sourcecode.swift; path = PDFItemRow.swift; sourceTree = "<group>"; };
		8DA4855E2858CEAB00C32F3D /* PDFViewerView.swift */ = {isa = PBXFileReference; lastKnownFileType = sourcecode.swift; path = PDFViewerView.swift; sourceTree = "<group>"; };
		8DA5CD8227FD8A97006B8FB4 /* MapObjectListViewState.swift */ = {isa = PBXFileReference; lastKnownFileType = sourcecode.swift; path = MapObjectListViewState.swift; sourceTree = "<group>"; };
		8DA5CD8427FD8B00006B8FB4 /* MapLayerListViewState.swift */ = {isa = PBXFileReference; lastKnownFileType = sourcecode.swift; path = MapLayerListViewState.swift; sourceTree = "<group>"; };
		8DA5CD8627FDEAE9006B8FB4 /* TopSheetItem.swift */ = {isa = PBXFileReference; lastKnownFileType = sourcecode.swift; path = TopSheetItem.swift; sourceTree = "<group>"; };
		8DA5CD8827FDEB08006B8FB4 /* TopAlertItem.swift */ = {isa = PBXFileReference; lastKnownFileType = sourcecode.swift; path = TopAlertItem.swift; sourceTree = "<group>"; };
		8DAE528A27E9B2FB00C5DF22 /* LocationSelecterView.swift */ = {isa = PBXFileReference; lastKnownFileType = sourcecode.swift; path = LocationSelecterView.swift; sourceTree = "<group>"; };
		8DB0353927AF9EC0004B800F /* TopViewState.swift */ = {isa = PBXFileReference; lastKnownFileType = sourcecode.swift; path = TopViewState.swift; sourceTree = "<group>"; };
		8DB0353B27AFB865004B800F /* LocationManager.swift */ = {isa = PBXFileReference; lastKnownFileType = sourcecode.swift; path = LocationManager.swift; sourceTree = "<group>"; };
		8DB57DA0278157A200CF6938 /* MapObjectLabelTextField.swift */ = {isa = PBXFileReference; lastKnownFileType = sourcecode.swift; path = MapObjectLabelTextField.swift; sourceTree = "<group>"; };
		8DB57DA427815D8D00CF6938 /* MapObjectSymbolSelecter.swift */ = {isa = PBXFileReference; lastKnownFileType = sourcecode.swift; path = MapObjectSymbolSelecter.swift; sourceTree = "<group>"; };
		8DB57DA6278169BD00CF6938 /* MapObjectSingleLocationSelecter.swift */ = {isa = PBXFileReference; lastKnownFileType = sourcecode.swift; path = MapObjectSingleLocationSelecter.swift; sourceTree = "<group>"; };
		8DB57DA827816AE000CF6938 /* MapObjectItems.swift */ = {isa = PBXFileReference; lastKnownFileType = sourcecode.swift; path = MapObjectItems.swift; sourceTree = "<group>"; };
		8DB57DAA2782914D00CF6938 /* MapObjectEditLocation.swift */ = {isa = PBXFileReference; lastKnownFileType = sourcecode.swift; path = MapObjectEditLocation.swift; sourceTree = "<group>"; };
		8DBE18D6283F51CA000AA794 /* MapObjectHiddenSelecter.swift */ = {isa = PBXFileReference; lastKnownFileType = sourcecode.swift; path = MapObjectHiddenSelecter.swift; sourceTree = "<group>"; };
		8DCE59DA25EBB36400D080D2 /* MapPolyline.swift */ = {isa = PBXFileReference; lastKnownFileType = sourcecode.swift; path = MapPolyline.swift; sourceTree = "<group>"; };
		8DCE59DF25EBB38F00D080D2 /* MapObject.swift */ = {isa = PBXFileReference; lastKnownFileType = sourcecode.swift; path = MapObject.swift; sourceTree = "<group>"; };
		8DD13EF325E2308C00CEAB3B /* MapPoint.swift */ = {isa = PBXFileReference; lastKnownFileType = sourcecode.swift; path = MapPoint.swift; sourceTree = "<group>"; };
		8DD13F0125E2389E00CEAB3B /* Item.swift */ = {isa = PBXFileReference; lastKnownFileType = sourcecode.swift; path = Item.swift; sourceTree = "<group>"; };
		8DD51D9927462929009269F1 /* SymbolSelecter.swift */ = {isa = PBXFileReference; lastKnownFileType = sourcecode.swift; path = SymbolSelecter.swift; sourceTree = "<group>"; };
		8DD51D9B274A8D34009269F1 /* AddItemView.swift */ = {isa = PBXFileReference; lastKnownFileType = sourcecode.swift; path = AddItemView.swift; sourceTree = "<group>"; };
		8DD51D9D274A975C009269F1 /* ItemListView.swift */ = {isa = PBXFileReference; lastKnownFileType = sourcecode.swift; path = ItemListView.swift; sourceTree = "<group>"; };
		8DD51DB6274C9FC0009269F1 /* ItemType.swift */ = {isa = PBXFileReference; lastKnownFileType = sourcecode.swift; path = ItemType.swift; sourceTree = "<group>"; };
		8DE5AE5E25D8FD8400726DC1 /* AddInfoView.swift */ = {isa = PBXFileReference; lastKnownFileType = sourcecode.swift; path = AddInfoView.swift; sourceTree = "<group>"; };
		8DEC410926F609520052A7D2 /* RootView.swift */ = {isa = PBXFileReference; lastKnownFileType = sourcecode.swift; path = RootView.swift; sourceTree = "<group>"; };
		8DEC410B26F60B9B0052A7D2 /* TopView.swift */ = {isa = PBXFileReference; lastKnownFileType = sourcecode.swift; path = TopView.swift; sourceTree = "<group>"; };
		8DEC410E26F60BC20052A7D2 /* MapLayerListView.swift */ = {isa = PBXFileReference; lastKnownFileType = sourcecode.swift; path = MapLayerListView.swift; sourceTree = "<group>"; };
		8DEC411126F60BD50052A7D2 /* ConfigView.swift */ = {isa = PBXFileReference; lastKnownFileType = sourcecode.swift; path = ConfigView.swift; sourceTree = "<group>"; };
		8DEC411326F61B180052A7D2 /* MapLayerProtcol.swift */ = {isa = PBXFileReference; lastKnownFileType = sourcecode.swift; path = MapLayerProtcol.swift; sourceTree = "<group>"; };
		8DEC411626F623510052A7D2 /* AddMapLayerView.swift */ = {isa = PBXFileReference; lastKnownFileType = sourcecode.swift; path = AddMapLayerView.swift; sourceTree = "<group>"; };
		8DEC412226F63D950052A7D2 /* FileRepository.swift */ = {isa = PBXFileReference; lastKnownFileType = sourcecode.swift; path = FileRepository.swift; sourceTree = "<group>"; };
		8DEC412526F63DE70052A7D2 /* InternalFileError.swift */ = {isa = PBXFileReference; lastKnownFileType = sourcecode.swift; path = InternalFileError.swift; sourceTree = "<group>"; };
		8DEC412B26F71E4E0052A7D2 /* MapObjectListView.swift */ = {isa = PBXFileReference; lastKnownFileType = sourcecode.swift; path = MapObjectListView.swift; sourceTree = "<group>"; };
		8DEC412E26F7251D0052A7D2 /* AddMapPointView.swift */ = {isa = PBXFileReference; lastKnownFileType = sourcecode.swift; path = AddMapPointView.swift; sourceTree = "<group>"; };
		8DEC413126F734F40052A7D2 /* SingleLocationSelecter.swift */ = {isa = PBXFileReference; lastKnownFileType = sourcecode.swift; path = SingleLocationSelecter.swift; sourceTree = "<group>"; };
		8DF609D1282191F2005C384E /* Notification+extension.swift */ = {isa = PBXFileReference; lastKnownFileType = sourcecode.swift; path = "Notification+extension.swift"; sourceTree = "<group>"; };
		8DFBADF827089F93005B4611 /* Coordinate.swift */ = {isa = PBXFileReference; lastKnownFileType = sourcecode.swift; path = Coordinate.swift; sourceTree = "<group>"; };
		8DFBADFA2708AE03005B4611 /* MapObjectTypeDecoder.swift */ = {isa = PBXFileReference; lastKnownFileType = sourcecode.swift; path = MapObjectTypeDecoder.swift; sourceTree = "<group>"; };
		8DFBADFD2708AEA5005B4611 /* CLLocationCoordinate2D+extensinon.swift */ = {isa = PBXFileReference; lastKnownFileType = sourcecode.swift; path = "CLLocationCoordinate2D+extensinon.swift"; sourceTree = "<group>"; };
		8DFBADFF27098498005B4611 /* EditMapPointView.swift */ = {isa = PBXFileReference; lastKnownFileType = sourcecode.swift; path = EditMapPointView.swift; sourceTree = "<group>"; };
		8DFBAE012709854F005B4611 /* MapObjectInfo.swift */ = {isa = PBXFileReference; lastKnownFileType = sourcecode.swift; path = MapObjectInfo.swift; sourceTree = "<group>"; };
		8DFBAE03270986A5005B4611 /* EditMapPolylineView.swift */ = {isa = PBXFileReference; lastKnownFileType = sourcecode.swift; path = EditMapPolylineView.swift; sourceTree = "<group>"; };
		8DFBAE05270986B6005B4611 /* EditMapPolygonView.swift */ = {isa = PBXFileReference; lastKnownFileType = sourcecode.swift; path = EditMapPolygonView.swift; sourceTree = "<group>"; };
		8DFBAE082709E6DE005B4611 /* MapObjectPreviewViewDelegate.swift */ = {isa = PBXFileReference; lastKnownFileType = sourcecode.swift; path = MapObjectPreviewViewDelegate.swift; sourceTree = "<group>"; };
		8DFBAE0A2709EA68005B4611 /* MapPointPreview.swift */ = {isa = PBXFileReference; lastKnownFileType = sourcecode.swift; path = MapPointPreview.swift; sourceTree = "<group>"; };
		8DFBAE0C2709EB97005B4611 /* MapPolyLinePreview.swift */ = {isa = PBXFileReference; lastKnownFileType = sourcecode.swift; path = MapPolyLinePreview.swift; sourceTree = "<group>"; };
		8DFBAE0E2709EBB5005B4611 /* MapPolygonPreview.swift */ = {isa = PBXFileReference; lastKnownFileType = sourcecode.swift; path = MapPolygonPreview.swift; sourceTree = "<group>"; };
		8DFBAE11270CA2ED005B4611 /* AddMapPolylineObjectView.swift */ = {isa = PBXFileReference; lastKnownFileType = sourcecode.swift; path = AddMapPolylineObjectView.swift; sourceTree = "<group>"; };
		8DFC44DE26FF4C2E00021E45 /* MapObjectView.swift */ = {isa = PBXFileReference; lastKnownFileType = sourcecode.swift; path = MapObjectView.swift; sourceTree = "<group>"; };
		8DFC44E026FF7CC400021E45 /* UIMapObjectViewDelegate.swift */ = {isa = PBXFileReference; lastKnownFileType = sourcecode.swift; path = UIMapObjectViewDelegate.swift; sourceTree = "<group>"; };
/* End PBXFileReference section */

/* Begin PBXFrameworksBuildPhase section */
		8D7D7C2025D4F00A00BA86BF /* Frameworks */ = {
			isa = PBXFrameworksBuildPhase;
			buildActionMask = 2147483647;
			files = (
			);
			runOnlyForDeploymentPostprocessing = 0;
		};
		8D7D7C3125D4F00C00BA86BF /* Frameworks */ = {
			isa = PBXFrameworksBuildPhase;
			buildActionMask = 2147483647;
			files = (
			);
			runOnlyForDeploymentPostprocessing = 0;
		};
		8D7D7C3C25D4F00C00BA86BF /* Frameworks */ = {
			isa = PBXFrameworksBuildPhase;
			buildActionMask = 2147483647;
			files = (
			);
			runOnlyForDeploymentPostprocessing = 0;
		};
/* End PBXFrameworksBuildPhase section */

/* Begin PBXGroup section */
		8D250E5B27CF6318000FDD70 /* Singleton */ = {
			isa = PBXGroup;
			children = (
				8DB0353B27AFB865004B800F /* LocationManager.swift */,
			);
			path = Singleton;
			sourceTree = "<group>";
		};
		8D29465B2739653A003F6389 /* Common */ = {
			isa = PBXGroup;
			children = (
				8DA4855D2858CE8200C32F3D /* PDFViewerView */,
				8D5280F4284E41A1003875A0 /* AddItemView */,
				8D346846280F0E3400822803 /* ImageViewerView */,
				8D29465C2739655B003F6389 /* CommonButton.swift */,
				8DD51D9927462929009269F1 /* SymbolSelecter.swift */,
				8DD51D9D274A975C009269F1 /* ItemListView.swift */,
				8D2B8F8227521B180071E571 /* ImagePicker.swift */,
				8D2B8F84275228F70071E571 /* TextItemRow.swift */,
				8D2B8F8627522A000071E571 /* URLItemRow.swift */,
				8D2B8F8827522A800071E571 /* ImageItemRow.swift */,
				8D6FE954270E0F0200FB8D5C /* CustomAnnotation.swift */,
				8DA4855628586D1F00C32F3D /* PDFPickerView.swift */,
				8DA4855B2858CA3800C32F3D /* PDFItemRow.swift */,
			);
			path = Common;
			sourceTree = "<group>";
		};
		8D346825280C0B4700822803 /* Point */ = {
			isa = PBXGroup;
			children = (
				8D346827280C0CD000822803 /* EditMapPointViewState.swift */,
				8DFBADFF27098498005B4611 /* EditMapPointView.swift */,
			);
			path = Point;
			sourceTree = "<group>";
		};
		8D346826280C0C2100822803 /* Point */ = {
			isa = PBXGroup;
			children = (
				8D34682E280C14BC00822803 /* AddMapPointViewState.swift */,
				8DEC412E26F7251D0052A7D2 /* AddMapPointView.swift */,
			);
			path = Point;
			sourceTree = "<group>";
		};
		8D34682B280C0F3800822803 /* Polyline */ = {
			isa = PBXGroup;
			children = (
				8D346830280C73CC00822803 /* AddMapPolylineViewState.swift */,
				8DFBAE11270CA2ED005B4611 /* AddMapPolylineObjectView.swift */,
			);
			path = Polyline;
			sourceTree = "<group>";
		};
		8D34682C280C0F9300822803 /* Polygon */ = {
			isa = PBXGroup;
			children = (
				8D346836280C791600822803 /* AddMapPolygonViewState.swift */,
				8D3ABE242714011300584BDC /* AddMapPolygonObjectView.swift */,
			);
			path = Polygon;
			sourceTree = "<group>";
		};
		8D34682D280C0FA900822803 /* Common */ = {
			isa = PBXGroup;
			children = (
				8DF609D028218AFE005C384E /* LocationsSelecter */,
				8D346843280EBAE300822803 /* MapObjectItems */,
				8D346832280C75A700822803 /* MapObjectMultiLocationSelecter.swift */,
				8D346834280C78BA00822803 /* MapObjectMultiLocationSelecterSheet.swift */,
				8DB57DA6278169BD00CF6938 /* MapObjectSingleLocationSelecter.swift */,
				8DB57DA0278157A200CF6938 /* MapObjectLabelTextField.swift */,
				8DB57DA427815D8D00CF6938 /* MapObjectSymbolSelecter.swift */,
				8DB57DAA2782914D00CF6938 /* MapObjectEditLocation.swift */,
				8DBE18D6283F51CA000AA794 /* MapObjectHiddenSelecter.swift */,
			);
			path = Common;
			sourceTree = "<group>";
		};
		8D346838280C7AE000822803 /* Polyline */ = {
			isa = PBXGroup;
			children = (
				8D34683C280C7E4A00822803 /* EditMapPolylineViewState.swift */,
				8DFBAE03270986A5005B4611 /* EditMapPolylineView.swift */,
			);
			path = Polyline;
			sourceTree = "<group>";
		};
		8D346839280C7AEB00822803 /* Polygon */ = {
			isa = PBXGroup;
			children = (
				8D34683A280C7E2E00822803 /* EditMapPolygonViewState.swift */,
				8DFBAE05270986B6005B4611 /* EditMapPolygonView.swift */,
			);
			path = Polygon;
			sourceTree = "<group>";
		};
		8D346840280EB15300822803 /* AddMapLayer */ = {
			isa = PBXGroup;
			children = (
				8D346841280EB2B300822803 /* AddMapLayerViewState.swift */,
				8DEC411626F623510052A7D2 /* AddMapLayerView.swift */,
			);
			path = AddMapLayer;
			sourceTree = "<group>";
		};
		8D346843280EBAE300822803 /* MapObjectItems */ = {
			isa = PBXGroup;
			children = (
				8D346844280EBC5900822803 /* MapObjectItemsSheetItem.swift */,
				8DB57DA827816AE000CF6938 /* MapObjectItems.swift */,
			);
			path = MapObjectItems;
			sourceTree = "<group>";
		};
		8D346846280F0E3400822803 /* ImageViewerView */ = {
			isa = PBXGroup;
			children = (
				8D346847280F0E4700822803 /* ImageViewerView.swift */,
				8D2BF2DC2815BE1800FC976A /* UIImageViewerView.swift */,
				8D2BF2DE2815BE3B00FC976A /* ImageViewer.swift */,
			);
			path = ImageViewerView;
			sourceTree = "<group>";
		};
		8D346849280F131C00822803 /* PointPreview */ = {
			isa = PBXGroup;
			children = (
				8DFBAE0A2709EA68005B4611 /* MapPointPreview.swift */,
			);
			path = PointPreview;
			sourceTree = "<group>";
		};
		8D34684A280F132700822803 /* PolylinePreview */ = {
			isa = PBXGroup;
			children = (
				8DFBAE0C2709EB97005B4611 /* MapPolyLinePreview.swift */,
			);
			path = PolylinePreview;
			sourceTree = "<group>";
		};
		8D34684B280F133500822803 /* PolygonPreview */ = {
			isa = PBXGroup;
			children = (
				8DFBAE0E2709EBB5005B4611 /* MapPolygonPreview.swift */,
			);
			path = PolygonPreview;
			sourceTree = "<group>";
		};
		8D34684E280F1F1F00822803 /* Common */ = {
			isa = PBXGroup;
			children = (
				8D34684C280F175E00822803 /* ObjectNamePreview.swift */,
				8D34684F280F1F9000822803 /* ObjectLocationPreview.swift */,
				8D346855280F263700822803 /* ObjectLocationsPreview.swift */,
				8D346851280F207A00822803 /* ObjectItemsPreview.swift */,
				8D346853280F218F00822803 /* ObjectItemsPreviewSheetItem.swift */,
			);
			path = Common;
			sourceTree = "<group>";
		};
		8D5280F4284E41A1003875A0 /* AddItemView */ = {
			isa = PBXGroup;
			children = (
				8DA485542857202F00C32F3D /* AddItemViewState.swift */,
				8DD51D9B274A8D34009269F1 /* AddItemView.swift */,
				8D5280F5284E422F003875A0 /* AddItemTextContent.swift */,
				8D5280F7284E42A9003875A0 /* AddItemUrlContent.swift */,
				8D5280F9284E4312003875A0 /* AddItemImageContent.swift */,
				8D5280FB284E4413003875A0 /* AddItemPDFContent.swift */,
				8D5280FD284E45AB003875A0 /* AddItemViewSheet.swift */,
			);
			path = AddItemView;
			sourceTree = "<group>";
		};
		8D7D7C1A25D4F00A00BA86BF = {
			isa = PBXGroup;
			children = (
				8D7D7C2525D4F00A00BA86BF /* PersonalMap */,
				8D7D7C3725D4F00C00BA86BF /* PersonalMapTests */,
				8D7D7C4225D4F00C00BA86BF /* PersonalMapUITests */,
				8D7D7C2425D4F00A00BA86BF /* Products */,
			);
			sourceTree = "<group>";
		};
		8D7D7C2425D4F00A00BA86BF /* Products */ = {
			isa = PBXGroup;
			children = (
				8D7D7C2325D4F00A00BA86BF /* PersonalMap.app */,
				8D7D7C3425D4F00C00BA86BF /* PersonalMapTests.xctest */,
				8D7D7C3F25D4F00C00BA86BF /* PersonalMapUITests.xctest */,
			);
			name = Products;
			sourceTree = "<group>";
		};
		8D7D7C2525D4F00A00BA86BF /* PersonalMap */ = {
			isa = PBXGroup;
			children = (
				8D250E5B27CF6318000FDD70 /* Singleton */,
				8DFBADFC2708AE95005B4611 /* Extension */,
				8DEC412426F63DC60052A7D2 /* Error */,
				8DEC412126F63D660052A7D2 /* Repository */,
				8D7D7C2625D4F00A00BA86BF /* PersonalMapApp.swift */,
				8DD13EF225E2307F00CEAB3B /* Entity */,
				8DD13EFB25E230FD00CEAB3B /* Views */,
				8D7D7C2A25D4F00C00BA86BF /* Assets.xcassets */,
				8D7D7C2F25D4F00C00BA86BF /* Info.plist */,
				8D7D7C2C25D4F00C00BA86BF /* Preview Content */,
				8DE5AE5E25D8FD8400726DC1 /* AddInfoView.swift */,
			);
			path = PersonalMap;
			sourceTree = "<group>";
		};
		8D7D7C2C25D4F00C00BA86BF /* Preview Content */ = {
			isa = PBXGroup;
			children = (
				8D7D7C2D25D4F00C00BA86BF /* Preview Assets.xcassets */,
			);
			path = "Preview Content";
			sourceTree = "<group>";
		};
		8D7D7C3725D4F00C00BA86BF /* PersonalMapTests */ = {
			isa = PBXGroup;
			children = (
				8D7D7C3825D4F00C00BA86BF /* PersonalMapTests.swift */,
				8D7D7C3A25D4F00C00BA86BF /* Info.plist */,
			);
			path = PersonalMapTests;
			sourceTree = "<group>";
		};
		8D7D7C4225D4F00C00BA86BF /* PersonalMapUITests */ = {
			isa = PBXGroup;
			children = (
				8D7D7C4325D4F00C00BA86BF /* PersonalMapUITests.swift */,
				8D7D7C4525D4F00C00BA86BF /* Info.plist */,
			);
			path = PersonalMapUITests;
			sourceTree = "<group>";
		};
		8DA4855D2858CE8200C32F3D /* PDFViewerView */ = {
			isa = PBXGroup;
			children = (
				8DA4855E2858CEAB00C32F3D /* PDFViewerView.swift */,
			);
			path = PDFViewerView;
			sourceTree = "<group>";
		};
		8DB57D9F278143B900CF6938 /* AddMapObject */ = {
			isa = PBXGroup;
			children = (
				8D34682C280C0F9300822803 /* Polygon */,
				8D34682B280C0F3800822803 /* Polyline */,
				8D346826280C0C2100822803 /* Point */,
			);
			path = AddMapObject;
			sourceTree = "<group>";
		};
		8DBFEA7F282FF0AA00B55C95 /* View */ = {
			isa = PBXGroup;
			children = (
				8D34681F2809C56400822803 /* ActivityViewController.swift */,
				8D3468212809C68A00822803 /* MyWebView.swift */,
			);
			path = View;
			sourceTree = "<group>";
		};
		8DD13EF225E2307F00CEAB3B /* Entity */ = {
			isa = PBXGroup;
			children = (
				8DD13EF325E2308C00CEAB3B /* MapPoint.swift */,
				8DD13F0125E2389E00CEAB3B /* Item.swift */,
				8DCE59DA25EBB36400D080D2 /* MapPolyline.swift */,
				8D8255092607272700D73A6D /* MapPolygon.swift */,
				8DCE59DF25EBB38F00D080D2 /* MapObject.swift */,
				8DEC411326F61B180052A7D2 /* MapLayerProtcol.swift */,
				8DFBADF827089F93005B4611 /* Coordinate.swift */,
				8DFBADFA2708AE03005B4611 /* MapObjectTypeDecoder.swift */,
				8DFBAE012709854F005B4611 /* MapObjectInfo.swift */,
				8DD51DB6274C9FC0009269F1 /* ItemType.swift */,
				8D250E5927CF54AB000FDD70 /* Route.swift */,
			);
			path = Entity;
			sourceTree = "<group>";
		};
		8DD13EFB25E230FD00CEAB3B /* Views */ = {
			isa = PBXGroup;
			children = (
				8D29465B2739653A003F6389 /* Common */,
				8DFBADF42706214E005B4611 /* ConfigTab */,
				8DFBADF32706213F005B4611 /* ListTab */,
				8DFBADF227062139005B4611 /* MapTab */,
				8DEC410826F6091D0052A7D2 /* Root */,
			);
			path = Views;
			sourceTree = "<group>";
		};
		8DD13EFF25E2385200CEAB3B /* Top */ = {
			isa = PBXGroup;
			children = (
				8DE9F87125FDED6800302D31 /* View */,
				8DB0353927AF9EC0004B800F /* TopViewState.swift */,
				8DEC410B26F60B9B0052A7D2 /* TopView.swift */,
				8DA5CD8627FDEAE9006B8FB4 /* TopSheetItem.swift */,
				8DA5CD8827FDEB08006B8FB4 /* TopAlertItem.swift */,
			);
			path = Top;
			sourceTree = "<group>";
		};
		8DE9F87125FDED6800302D31 /* View */ = {
			isa = PBXGroup;
			children = (
				8DFC44DE26FF4C2E00021E45 /* MapObjectView.swift */,
				8DFC44E026FF7CC400021E45 /* UIMapObjectViewDelegate.swift */,
			);
			path = View;
			sourceTree = "<group>";
		};
		8DEC410826F6091D0052A7D2 /* Root */ = {
			isa = PBXGroup;
			children = (
				8DEC410926F609520052A7D2 /* RootView.swift */,
			);
			path = Root;
			sourceTree = "<group>";
		};
		8DEC410D26F60BAB0052A7D2 /* MapLayerListView */ = {
			isa = PBXGroup;
			children = (
				8DA5CD8427FD8B00006B8FB4 /* MapLayerListViewState.swift */,
				8DEC410E26F60BC20052A7D2 /* MapLayerListView.swift */,
			);
			path = MapLayerListView;
			sourceTree = "<group>";
		};
		8DEC411026F60BC90052A7D2 /* Config */ = {
			isa = PBXGroup;
			children = (
				8DBFEA7F282FF0AA00B55C95 /* View */,
				8DEC411126F60BD50052A7D2 /* ConfigView.swift */,
				8D34681D2809BDA300822803 /* ConfigViewState.swift */,
			);
			path = Config;
			sourceTree = "<group>";
		};
		8DEC412126F63D660052A7D2 /* Repository */ = {
			isa = PBXGroup;
			children = (
				8DEC412226F63D950052A7D2 /* FileRepository.swift */,
			);
			path = Repository;
			sourceTree = "<group>";
		};
		8DEC412426F63DC60052A7D2 /* Error */ = {
			isa = PBXGroup;
			children = (
				8DEC412526F63DE70052A7D2 /* InternalFileError.swift */,
			);
			path = Error;
			sourceTree = "<group>";
		};
		8DEC412A26F71A330052A7D2 /* MapObjectList */ = {
			isa = PBXGroup;
			children = (
				8DA5CD8227FD8A97006B8FB4 /* MapObjectListViewState.swift */,
				8DEC412B26F71E4E0052A7D2 /* MapObjectListView.swift */,
			);
			path = MapObjectList;
			sourceTree = "<group>";
		};
		8DF609D028218AFE005C384E /* LocationsSelecter */ = {
			isa = PBXGroup;
			children = (
				8DEC413126F734F40052A7D2 /* SingleLocationSelecter.swift */,
				8D6FE958270E1CB000FB8D5C /* MultiLocationSelecter.swift */,
				8DAE528A27E9B2FB00C5DF22 /* LocationSelecterView.swift */,
			);
			path = LocationsSelecter;
			sourceTree = "<group>";
		};
		8DFBADF227062139005B4611 /* MapTab */ = {
			isa = PBXGroup;
			children = (
				8DFBAE072709E6C5005B4611 /* MapObjectPreview */,
				8DD13EFF25E2385200CEAB3B /* Top */,
			);
			path = MapTab;
			sourceTree = "<group>";
		};
		8DFBADF32706213F005B4611 /* ListTab */ = {
			isa = PBXGroup;
			children = (
				8D34682D280C0FA900822803 /* Common */,
				8D346840280EB15300822803 /* AddMapLayer */,
				8DB57D9F278143B900CF6938 /* AddMapObject */,
				8DFBADF527062350005B4611 /* EditMapObject */,
				8DEC412A26F71A330052A7D2 /* MapObjectList */,
				8DEC410D26F60BAB0052A7D2 /* MapLayerListView */,
			);
			path = ListTab;
			sourceTree = "<group>";
		};
		8DFBADF42706214E005B4611 /* ConfigTab */ = {
			isa = PBXGroup;
			children = (
				8DEC411026F60BC90052A7D2 /* Config */,
			);
			path = ConfigTab;
			sourceTree = "<group>";
		};
		8DFBADF527062350005B4611 /* EditMapObject */ = {
			isa = PBXGroup;
			children = (
				8D346839280C7AEB00822803 /* Polygon */,
				8D346838280C7AE000822803 /* Polyline */,
				8D346825280C0B4700822803 /* Point */,
			);
			path = EditMapObject;
			sourceTree = "<group>";
		};
		8DFBADFC2708AE95005B4611 /* Extension */ = {
			isa = PBXGroup;
			children = (
				8DFBADFD2708AEA5005B4611 /* CLLocationCoordinate2D+extensinon.swift */,
				8DF609D1282191F2005C384E /* Notification+extension.swift */,
			);
			path = Extension;
			sourceTree = "<group>";
		};
		8DFBAE072709E6C5005B4611 /* MapObjectPreview */ = {
			isa = PBXGroup;
			children = (
				8D34684E280F1F1F00822803 /* Common */,
				8D34684B280F133500822803 /* PolygonPreview */,
				8D34684A280F132700822803 /* PolylinePreview */,
				8D346849280F131C00822803 /* PointPreview */,
				8DFBAE082709E6DE005B4611 /* MapObjectPreviewViewDelegate.swift */,
			);
			path = MapObjectPreview;
			sourceTree = "<group>";
		};
/* End PBXGroup section */

/* Begin PBXNativeTarget section */
		8D7D7C2225D4F00A00BA86BF /* PersonalMap */ = {
			isa = PBXNativeTarget;
			buildConfigurationList = 8D7D7C4825D4F00C00BA86BF /* Build configuration list for PBXNativeTarget "PersonalMap" */;
			buildPhases = (
				8D7D7C1F25D4F00A00BA86BF /* Sources */,
				8D7D7C2025D4F00A00BA86BF /* Frameworks */,
				8D7D7C2125D4F00A00BA86BF /* Resources */,
			);
			buildRules = (
			);
			dependencies = (
			);
			name = PersonalMap;
			productName = PersonalMap;
			productReference = 8D7D7C2325D4F00A00BA86BF /* PersonalMap.app */;
			productType = "com.apple.product-type.application";
		};
		8D7D7C3325D4F00C00BA86BF /* PersonalMapTests */ = {
			isa = PBXNativeTarget;
			buildConfigurationList = 8D7D7C4B25D4F00C00BA86BF /* Build configuration list for PBXNativeTarget "PersonalMapTests" */;
			buildPhases = (
				8D7D7C3025D4F00C00BA86BF /* Sources */,
				8D7D7C3125D4F00C00BA86BF /* Frameworks */,
				8D7D7C3225D4F00C00BA86BF /* Resources */,
			);
			buildRules = (
			);
			dependencies = (
				8D7D7C3625D4F00C00BA86BF /* PBXTargetDependency */,
			);
			name = PersonalMapTests;
			productName = PersonalMapTests;
			productReference = 8D7D7C3425D4F00C00BA86BF /* PersonalMapTests.xctest */;
			productType = "com.apple.product-type.bundle.unit-test";
		};
		8D7D7C3E25D4F00C00BA86BF /* PersonalMapUITests */ = {
			isa = PBXNativeTarget;
			buildConfigurationList = 8D7D7C4E25D4F00C00BA86BF /* Build configuration list for PBXNativeTarget "PersonalMapUITests" */;
			buildPhases = (
				8D7D7C3B25D4F00C00BA86BF /* Sources */,
				8D7D7C3C25D4F00C00BA86BF /* Frameworks */,
				8D7D7C3D25D4F00C00BA86BF /* Resources */,
			);
			buildRules = (
			);
			dependencies = (
				8D7D7C4125D4F00C00BA86BF /* PBXTargetDependency */,
			);
			name = PersonalMapUITests;
			productName = PersonalMapUITests;
			productReference = 8D7D7C3F25D4F00C00BA86BF /* PersonalMapUITests.xctest */;
			productType = "com.apple.product-type.bundle.ui-testing";
		};
/* End PBXNativeTarget section */

/* Begin PBXProject section */
		8D7D7C1B25D4F00A00BA86BF /* Project object */ = {
			isa = PBXProject;
			attributes = {
				LastSwiftUpdateCheck = 1240;
				LastUpgradeCheck = 1240;
				TargetAttributes = {
					8D7D7C2225D4F00A00BA86BF = {
						CreatedOnToolsVersion = 12.4;
					};
					8D7D7C3325D4F00C00BA86BF = {
						CreatedOnToolsVersion = 12.4;
						TestTargetID = 8D7D7C2225D4F00A00BA86BF;
					};
					8D7D7C3E25D4F00C00BA86BF = {
						CreatedOnToolsVersion = 12.4;
						TestTargetID = 8D7D7C2225D4F00A00BA86BF;
					};
				};
			};
			buildConfigurationList = 8D7D7C1E25D4F00A00BA86BF /* Build configuration list for PBXProject "PersonalMap" */;
			compatibilityVersion = "Xcode 9.3";
			developmentRegion = en;
			hasScannedForEncodings = 0;
			knownRegions = (
				en,
				Base,
			);
			mainGroup = 8D7D7C1A25D4F00A00BA86BF;
			productRefGroup = 8D7D7C2425D4F00A00BA86BF /* Products */;
			projectDirPath = "";
			projectRoot = "";
			targets = (
				8D7D7C2225D4F00A00BA86BF /* PersonalMap */,
				8D7D7C3325D4F00C00BA86BF /* PersonalMapTests */,
				8D7D7C3E25D4F00C00BA86BF /* PersonalMapUITests */,
			);
		};
/* End PBXProject section */

/* Begin PBXResourcesBuildPhase section */
		8D7D7C2125D4F00A00BA86BF /* Resources */ = {
			isa = PBXResourcesBuildPhase;
			buildActionMask = 2147483647;
			files = (
				8D7D7C2E25D4F00C00BA86BF /* Preview Assets.xcassets in Resources */,
				8D7D7C2B25D4F00C00BA86BF /* Assets.xcassets in Resources */,
			);
			runOnlyForDeploymentPostprocessing = 0;
		};
		8D7D7C3225D4F00C00BA86BF /* Resources */ = {
			isa = PBXResourcesBuildPhase;
			buildActionMask = 2147483647;
			files = (
			);
			runOnlyForDeploymentPostprocessing = 0;
		};
		8D7D7C3D25D4F00C00BA86BF /* Resources */ = {
			isa = PBXResourcesBuildPhase;
			buildActionMask = 2147483647;
			files = (
			);
			runOnlyForDeploymentPostprocessing = 0;
		};
/* End PBXResourcesBuildPhase section */

/* Begin PBXSourcesBuildPhase section */
		8D7D7C1F25D4F00A00BA86BF /* Sources */ = {
			isa = PBXSourcesBuildPhase;
			buildActionMask = 2147483647;
			files = (
				8DBE18D7283F51CA000AA794 /* MapObjectHiddenSelecter.swift in Sources */,
				8DE5AE5F25D8FD8400726DC1 /* AddInfoView.swift in Sources */,
				8DD51DB7274C9FC0009269F1 /* ItemType.swift in Sources */,
				8D5280FC284E4413003875A0 /* AddItemPDFContent.swift in Sources */,
				8DEC412626F63DE70052A7D2 /* InternalFileError.swift in Sources */,
				8DB0353A27AF9EC0004B800F /* TopViewState.swift in Sources */,
				8D346850280F1F9000822803 /* ObjectLocationPreview.swift in Sources */,
				8DFBAE04270986A5005B4611 /* EditMapPolylineView.swift in Sources */,
				8D346828280C0CD000822803 /* EditMapPointViewState.swift in Sources */,
				8DA5CD8927FDEB08006B8FB4 /* TopAlertItem.swift in Sources */,
				8DB57DAB2782914D00CF6938 /* MapObjectEditLocation.swift in Sources */,
				8D3468202809C56400822803 /* ActivityViewController.swift in Sources */,
				8DEC412F26F7251D0052A7D2 /* AddMapPointView.swift in Sources */,
				8DFBADFB2708AE03005B4611 /* MapObjectTypeDecoder.swift in Sources */,
				8D346835280C78BA00822803 /* MapObjectMultiLocationSelecterSheet.swift in Sources */,
				8D346848280F0E4700822803 /* ImageViewerView.swift in Sources */,
				8DFBAE092709E6DE005B4611 /* MapObjectPreviewViewDelegate.swift in Sources */,
				8DD13F0225E2389E00CEAB3B /* Item.swift in Sources */,
				8D346856280F263700822803 /* ObjectLocationsPreview.swift in Sources */,
				8D5280FA284E4312003875A0 /* AddItemImageContent.swift in Sources */,
				8D34684D280F175E00822803 /* ObjectNamePreview.swift in Sources */,
				8DAE528B27E9B2FB00C5DF22 /* LocationSelecterView.swift in Sources */,
				8DD51D9E274A975C009269F1 /* ItemListView.swift in Sources */,
				8DA485552857202F00C32F3D /* AddItemViewState.swift in Sources */,
				8D34683D280C7E4A00822803 /* EditMapPolylineViewState.swift in Sources */,
				8DFBAE0F2709EBB5005B4611 /* MapPolygonPreview.swift in Sources */,
				8DEC410A26F609520052A7D2 /* RootView.swift in Sources */,
				8D2BF2DF2815BE3B00FC976A /* ImageViewer.swift in Sources */,
				8DA4855728586D1F00C32F3D /* PDFPickerView.swift in Sources */,
				8D2B8F8327521B180071E571 /* ImagePicker.swift in Sources */,
				8DCE59E025EBB38F00D080D2 /* MapObject.swift in Sources */,
				8D3ABE252714011300584BDC /* AddMapPolygonObjectView.swift in Sources */,
				8D2B8F85275228F70071E571 /* TextItemRow.swift in Sources */,
				8DFC44DF26FF4C2E00021E45 /* MapObjectView.swift in Sources */,
				8DEC411726F623510052A7D2 /* AddMapLayerView.swift in Sources */,
				8DD13EF425E2308C00CEAB3B /* MapPoint.swift in Sources */,
				8D2B8F8927522A800071E571 /* ImageItemRow.swift in Sources */,
				8DB57DA527815D8D00CF6938 /* MapObjectSymbolSelecter.swift in Sources */,
				8DFBADFE2708AEA5005B4611 /* CLLocationCoordinate2D+extensinon.swift in Sources */,
				8D346831280C73CC00822803 /* AddMapPolylineViewState.swift in Sources */,
				8D7D7C2725D4F00A00BA86BF /* PersonalMapApp.swift in Sources */,
				8DFBAE022709854F005B4611 /* MapObjectInfo.swift in Sources */,
				8DEC410F26F60BC20052A7D2 /* MapLayerListView.swift in Sources */,
				8DD51D9C274A8D34009269F1 /* AddItemView.swift in Sources */,
				8D34681E2809BDA300822803 /* ConfigViewState.swift in Sources */,
				8DEC412326F63D950052A7D2 /* FileRepository.swift in Sources */,
				8D3468222809C68A00822803 /* MyWebView.swift in Sources */,
				8D250E5A27CF54AB000FDD70 /* Route.swift in Sources */,
				8DB57DA7278169BD00CF6938 /* MapObjectSingleLocationSelecter.swift in Sources */,
				8D82550A2607272700D73A6D /* MapPolygon.swift in Sources */,
				8DFBAE06270986B6005B4611 /* EditMapPolygonView.swift in Sources */,
				8D346845280EBC5900822803 /* MapObjectItemsSheetItem.swift in Sources */,
				8DFBAE0D2709EB97005B4611 /* MapPolyLinePreview.swift in Sources */,
				8DFBADF927089F93005B4611 /* Coordinate.swift in Sources */,
				8D346842280EB2B300822803 /* AddMapLayerViewState.swift in Sources */,
				8D2BF2DD2815BE1800FC976A /* UIImageViewerView.swift in Sources */,
				8D29465D2739655B003F6389 /* CommonButton.swift in Sources */,
				8DEC413226F734F40052A7D2 /* SingleLocationSelecter.swift in Sources */,
				8D346833280C75A700822803 /* MapObjectMultiLocationSelecter.swift in Sources */,
				8D5280F6284E422F003875A0 /* AddItemTextContent.swift in Sources */,
				8DA4855C2858CA3900C32F3D /* PDFItemRow.swift in Sources */,
				8D346854280F218F00822803 /* ObjectItemsPreviewSheetItem.swift in Sources */,
				8DFBAE0027098498005B4611 /* EditMapPointView.swift in Sources */,
				8D5280FE284E45AB003875A0 /* AddItemViewSheet.swift in Sources */,
				8DD51D9A27462929009269F1 /* SymbolSelecter.swift in Sources */,
				8DA5CD8727FDEAE9006B8FB4 /* TopSheetItem.swift in Sources */,
				8D6FE959270E1CB000FB8D5C /* MultiLocationSelecter.swift in Sources */,
				8D346837280C791600822803 /* AddMapPolygonViewState.swift in Sources */,
				8DB57DA1278157A200CF6938 /* MapObjectLabelTextField.swift in Sources */,
				8D2B8F8727522A000071E571 /* URLItemRow.swift in Sources */,
				8DEC412C26F71E4E0052A7D2 /* MapObjectListView.swift in Sources */,
				8DEC411226F60BD50052A7D2 /* ConfigView.swift in Sources */,
				8D34683B280C7E2E00822803 /* EditMapPolygonViewState.swift in Sources */,
				8DA5CD8527FD8B00006B8FB4 /* MapLayerListViewState.swift in Sources */,
				8D34682F280C14BC00822803 /* AddMapPointViewState.swift in Sources */,
				8DA4855F2858CEAB00C32F3D /* PDFViewerView.swift in Sources */,
				8DB0353C27AFB865004B800F /* LocationManager.swift in Sources */,
				8D346852280F207A00822803 /* ObjectItemsPreview.swift in Sources */,
				8DF609D2282191F2005C384E /* Notification+extension.swift in Sources */,
				8DFBAE0B2709EA68005B4611 /* MapPointPreview.swift in Sources */,
				8DEC411426F61B180052A7D2 /* MapLayerProtcol.swift in Sources */,
				8DA5CD8327FD8A97006B8FB4 /* MapObjectListViewState.swift in Sources */,
				8DFBAE12270CA2ED005B4611 /* AddMapPolylineObjectView.swift in Sources */,
				8D6FE955270E0F0200FB8D5C /* CustomAnnotation.swift in Sources */,
				8DCE59DB25EBB36400D080D2 /* MapPolyline.swift in Sources */,
				8DEC410C26F60B9B0052A7D2 /* TopView.swift in Sources */,
				8DFC44E126FF7CC400021E45 /* UIMapObjectViewDelegate.swift in Sources */,
				8D5280F8284E42A9003875A0 /* AddItemUrlContent.swift in Sources */,
				8DB57DA927816AE000CF6938 /* MapObjectItems.swift in Sources */,
			);
			runOnlyForDeploymentPostprocessing = 0;
		};
		8D7D7C3025D4F00C00BA86BF /* Sources */ = {
			isa = PBXSourcesBuildPhase;
			buildActionMask = 2147483647;
			files = (
				8D7D7C3925D4F00C00BA86BF /* PersonalMapTests.swift in Sources */,
			);
			runOnlyForDeploymentPostprocessing = 0;
		};
		8D7D7C3B25D4F00C00BA86BF /* Sources */ = {
			isa = PBXSourcesBuildPhase;
			buildActionMask = 2147483647;
			files = (
				8D7D7C4425D4F00C00BA86BF /* PersonalMapUITests.swift in Sources */,
			);
			runOnlyForDeploymentPostprocessing = 0;
		};
/* End PBXSourcesBuildPhase section */

/* Begin PBXTargetDependency section */
		8D7D7C3625D4F00C00BA86BF /* PBXTargetDependency */ = {
			isa = PBXTargetDependency;
			target = 8D7D7C2225D4F00A00BA86BF /* PersonalMap */;
			targetProxy = 8D7D7C3525D4F00C00BA86BF /* PBXContainerItemProxy */;
		};
		8D7D7C4125D4F00C00BA86BF /* PBXTargetDependency */ = {
			isa = PBXTargetDependency;
			target = 8D7D7C2225D4F00A00BA86BF /* PersonalMap */;
			targetProxy = 8D7D7C4025D4F00C00BA86BF /* PBXContainerItemProxy */;
		};
/* End PBXTargetDependency section */

/* Begin XCBuildConfiguration section */
		8D7D7C4625D4F00C00BA86BF /* Debug */ = {
			isa = XCBuildConfiguration;
			buildSettings = {
				ALWAYS_SEARCH_USER_PATHS = NO;
				CLANG_ANALYZER_NONNULL = YES;
				CLANG_ANALYZER_NUMBER_OBJECT_CONVERSION = YES_AGGRESSIVE;
				CLANG_CXX_LANGUAGE_STANDARD = "gnu++14";
				CLANG_CXX_LIBRARY = "libc++";
				CLANG_ENABLE_MODULES = YES;
				CLANG_ENABLE_OBJC_ARC = YES;
				CLANG_ENABLE_OBJC_WEAK = YES;
				CLANG_WARN_BLOCK_CAPTURE_AUTORELEASING = YES;
				CLANG_WARN_BOOL_CONVERSION = YES;
				CLANG_WARN_COMMA = YES;
				CLANG_WARN_CONSTANT_CONVERSION = YES;
				CLANG_WARN_DEPRECATED_OBJC_IMPLEMENTATIONS = YES;
				CLANG_WARN_DIRECT_OBJC_ISA_USAGE = YES_ERROR;
				CLANG_WARN_DOCUMENTATION_COMMENTS = YES;
				CLANG_WARN_EMPTY_BODY = YES;
				CLANG_WARN_ENUM_CONVERSION = YES;
				CLANG_WARN_INFINITE_RECURSION = YES;
				CLANG_WARN_INT_CONVERSION = YES;
				CLANG_WARN_NON_LITERAL_NULL_CONVERSION = YES;
				CLANG_WARN_OBJC_IMPLICIT_RETAIN_SELF = YES;
				CLANG_WARN_OBJC_LITERAL_CONVERSION = YES;
				CLANG_WARN_OBJC_ROOT_CLASS = YES_ERROR;
				CLANG_WARN_QUOTED_INCLUDE_IN_FRAMEWORK_HEADER = YES;
				CLANG_WARN_RANGE_LOOP_ANALYSIS = YES;
				CLANG_WARN_STRICT_PROTOTYPES = YES;
				CLANG_WARN_SUSPICIOUS_MOVE = YES;
				CLANG_WARN_UNGUARDED_AVAILABILITY = YES_AGGRESSIVE;
				CLANG_WARN_UNREACHABLE_CODE = YES;
				CLANG_WARN__DUPLICATE_METHOD_MATCH = YES;
				COPY_PHASE_STRIP = NO;
				DEBUG_INFORMATION_FORMAT = dwarf;
				ENABLE_STRICT_OBJC_MSGSEND = YES;
				ENABLE_TESTABILITY = YES;
				GCC_C_LANGUAGE_STANDARD = gnu11;
				GCC_DYNAMIC_NO_PIC = NO;
				GCC_NO_COMMON_BLOCKS = YES;
				GCC_OPTIMIZATION_LEVEL = 0;
				GCC_PREPROCESSOR_DEFINITIONS = (
					"DEBUG=1",
					"$(inherited)",
				);
				GCC_WARN_64_TO_32_BIT_CONVERSION = YES;
				GCC_WARN_ABOUT_RETURN_TYPE = YES_ERROR;
				GCC_WARN_UNDECLARED_SELECTOR = YES;
				GCC_WARN_UNINITIALIZED_AUTOS = YES_AGGRESSIVE;
				GCC_WARN_UNUSED_FUNCTION = YES;
				GCC_WARN_UNUSED_VARIABLE = YES;
				IPHONEOS_DEPLOYMENT_TARGET = 14.4;
				MTL_ENABLE_DEBUG_INFO = INCLUDE_SOURCE;
				MTL_FAST_MATH = YES;
				ONLY_ACTIVE_ARCH = YES;
				SDKROOT = iphoneos;
				SWIFT_ACTIVE_COMPILATION_CONDITIONS = DEBUG;
				SWIFT_OPTIMIZATION_LEVEL = "-Onone";
			};
			name = Debug;
		};
		8D7D7C4725D4F00C00BA86BF /* Release */ = {
			isa = XCBuildConfiguration;
			buildSettings = {
				ALWAYS_SEARCH_USER_PATHS = NO;
				CLANG_ANALYZER_NONNULL = YES;
				CLANG_ANALYZER_NUMBER_OBJECT_CONVERSION = YES_AGGRESSIVE;
				CLANG_CXX_LANGUAGE_STANDARD = "gnu++14";
				CLANG_CXX_LIBRARY = "libc++";
				CLANG_ENABLE_MODULES = YES;
				CLANG_ENABLE_OBJC_ARC = YES;
				CLANG_ENABLE_OBJC_WEAK = YES;
				CLANG_WARN_BLOCK_CAPTURE_AUTORELEASING = YES;
				CLANG_WARN_BOOL_CONVERSION = YES;
				CLANG_WARN_COMMA = YES;
				CLANG_WARN_CONSTANT_CONVERSION = YES;
				CLANG_WARN_DEPRECATED_OBJC_IMPLEMENTATIONS = YES;
				CLANG_WARN_DIRECT_OBJC_ISA_USAGE = YES_ERROR;
				CLANG_WARN_DOCUMENTATION_COMMENTS = YES;
				CLANG_WARN_EMPTY_BODY = YES;
				CLANG_WARN_ENUM_CONVERSION = YES;
				CLANG_WARN_INFINITE_RECURSION = YES;
				CLANG_WARN_INT_CONVERSION = YES;
				CLANG_WARN_NON_LITERAL_NULL_CONVERSION = YES;
				CLANG_WARN_OBJC_IMPLICIT_RETAIN_SELF = YES;
				CLANG_WARN_OBJC_LITERAL_CONVERSION = YES;
				CLANG_WARN_OBJC_ROOT_CLASS = YES_ERROR;
				CLANG_WARN_QUOTED_INCLUDE_IN_FRAMEWORK_HEADER = YES;
				CLANG_WARN_RANGE_LOOP_ANALYSIS = YES;
				CLANG_WARN_STRICT_PROTOTYPES = YES;
				CLANG_WARN_SUSPICIOUS_MOVE = YES;
				CLANG_WARN_UNGUARDED_AVAILABILITY = YES_AGGRESSIVE;
				CLANG_WARN_UNREACHABLE_CODE = YES;
				CLANG_WARN__DUPLICATE_METHOD_MATCH = YES;
				COPY_PHASE_STRIP = NO;
				DEBUG_INFORMATION_FORMAT = "dwarf-with-dsym";
				ENABLE_NS_ASSERTIONS = NO;
				ENABLE_STRICT_OBJC_MSGSEND = YES;
				GCC_C_LANGUAGE_STANDARD = gnu11;
				GCC_NO_COMMON_BLOCKS = YES;
				GCC_WARN_64_TO_32_BIT_CONVERSION = YES;
				GCC_WARN_ABOUT_RETURN_TYPE = YES_ERROR;
				GCC_WARN_UNDECLARED_SELECTOR = YES;
				GCC_WARN_UNINITIALIZED_AUTOS = YES_AGGRESSIVE;
				GCC_WARN_UNUSED_FUNCTION = YES;
				GCC_WARN_UNUSED_VARIABLE = YES;
				IPHONEOS_DEPLOYMENT_TARGET = 14.4;
				MTL_ENABLE_DEBUG_INFO = NO;
				MTL_FAST_MATH = YES;
				SDKROOT = iphoneos;
				SWIFT_COMPILATION_MODE = wholemodule;
				SWIFT_OPTIMIZATION_LEVEL = "-O";
				VALIDATE_PRODUCT = YES;
			};
			name = Release;
		};
		8D7D7C4925D4F00C00BA86BF /* Debug */ = {
			isa = XCBuildConfiguration;
			buildSettings = {
				ASSETCATALOG_COMPILER_APPICON_NAME = AppIcon;
				ASSETCATALOG_COMPILER_GLOBAL_ACCENT_COLOR_NAME = AccentColor;
				CODE_SIGN_STYLE = Automatic;
				DEVELOPMENT_ASSET_PATHS = "\"PersonalMap/Preview Content\"";
				DEVELOPMENT_TEAM = 5RH346BQ66;
				ENABLE_PREVIEWS = YES;
				INFOPLIST_FILE = PersonalMap/Info.plist;
				IPHONEOS_DEPLOYMENT_TARGET = 14.0;
				LD_RUNPATH_SEARCH_PATHS = (
					"$(inherited)",
					"@executable_path/Frameworks",
				);
				MARKETING_VERSION = 1.0.0;
				PRODUCT_BUNDLE_IDENTIFIER = com.swiswiswift.todo.PersonalMap;
				PRODUCT_NAME = "$(TARGET_NAME)";
				SWIFT_VERSION = 5.0;
				TARGETED_DEVICE_FAMILY = "1,2";
			};
			name = Debug;
		};
		8D7D7C4A25D4F00C00BA86BF /* Release */ = {
			isa = XCBuildConfiguration;
			buildSettings = {
				ASSETCATALOG_COMPILER_APPICON_NAME = AppIcon;
				ASSETCATALOG_COMPILER_GLOBAL_ACCENT_COLOR_NAME = AccentColor;
				CODE_SIGN_STYLE = Automatic;
				DEVELOPMENT_ASSET_PATHS = "\"PersonalMap/Preview Content\"";
				DEVELOPMENT_TEAM = 5RH346BQ66;
				ENABLE_PREVIEWS = YES;
				INFOPLIST_FILE = PersonalMap/Info.plist;
				IPHONEOS_DEPLOYMENT_TARGET = 14.0;
				LD_RUNPATH_SEARCH_PATHS = (
					"$(inherited)",
					"@executable_path/Frameworks",
				);
				MARKETING_VERSION = 1.0.0;
				PRODUCT_BUNDLE_IDENTIFIER = com.swiswiswift.todo.PersonalMap;
				PRODUCT_NAME = "$(TARGET_NAME)";
				SWIFT_VERSION = 5.0;
				TARGETED_DEVICE_FAMILY = "1,2";
			};
			name = Release;
		};
		8D7D7C4C25D4F00C00BA86BF /* Debug */ = {
			isa = XCBuildConfiguration;
			buildSettings = {
				ALWAYS_EMBED_SWIFT_STANDARD_LIBRARIES = YES;
				BUNDLE_LOADER = "$(TEST_HOST)";
				CODE_SIGN_STYLE = Automatic;
				DEVELOPMENT_TEAM = 5RH346BQ66;
				INFOPLIST_FILE = PersonalMapTests/Info.plist;
				IPHONEOS_DEPLOYMENT_TARGET = 14.0;
				LD_RUNPATH_SEARCH_PATHS = (
					"$(inherited)",
					"@executable_path/Frameworks",
					"@loader_path/Frameworks",
				);
				PRODUCT_BUNDLE_IDENTIFIER = com.swiswiswift.todo.PersonalMapTests;
				PRODUCT_NAME = "$(TARGET_NAME)";
				SWIFT_VERSION = 5.0;
				TARGETED_DEVICE_FAMILY = "1,2";
				TEST_HOST = "$(BUILT_PRODUCTS_DIR)/PersonalMap.app/PersonalMap";
			};
			name = Debug;
		};
		8D7D7C4D25D4F00C00BA86BF /* Release */ = {
			isa = XCBuildConfiguration;
			buildSettings = {
				ALWAYS_EMBED_SWIFT_STANDARD_LIBRARIES = YES;
				BUNDLE_LOADER = "$(TEST_HOST)";
				CODE_SIGN_STYLE = Automatic;
				DEVELOPMENT_TEAM = 5RH346BQ66;
				INFOPLIST_FILE = PersonalMapTests/Info.plist;
				IPHONEOS_DEPLOYMENT_TARGET = 14.0;
				LD_RUNPATH_SEARCH_PATHS = (
					"$(inherited)",
					"@executable_path/Frameworks",
					"@loader_path/Frameworks",
				);
				PRODUCT_BUNDLE_IDENTIFIER = com.swiswiswift.todo.PersonalMapTests;
				PRODUCT_NAME = "$(TARGET_NAME)";
				SWIFT_VERSION = 5.0;
				TARGETED_DEVICE_FAMILY = "1,2";
				TEST_HOST = "$(BUILT_PRODUCTS_DIR)/PersonalMap.app/PersonalMap";
			};
			name = Release;
		};
		8D7D7C4F25D4F00C00BA86BF /* Debug */ = {
			isa = XCBuildConfiguration;
			buildSettings = {
				ALWAYS_EMBED_SWIFT_STANDARD_LIBRARIES = YES;
				CODE_SIGN_STYLE = Automatic;
				DEVELOPMENT_TEAM = 5RH346BQ66;
				INFOPLIST_FILE = PersonalMapUITests/Info.plist;
				LD_RUNPATH_SEARCH_PATHS = (
					"$(inherited)",
					"@executable_path/Frameworks",
					"@loader_path/Frameworks",
				);
				PRODUCT_BUNDLE_IDENTIFIER = com.swiswiswift.todo.PersonalMapUITests;
				PRODUCT_NAME = "$(TARGET_NAME)";
				SWIFT_VERSION = 5.0;
				TARGETED_DEVICE_FAMILY = "1,2";
				TEST_TARGET_NAME = PersonalMap;
			};
			name = Debug;
		};
		8D7D7C5025D4F00C00BA86BF /* Release */ = {
			isa = XCBuildConfiguration;
			buildSettings = {
				ALWAYS_EMBED_SWIFT_STANDARD_LIBRARIES = YES;
				CODE_SIGN_STYLE = Automatic;
				DEVELOPMENT_TEAM = 5RH346BQ66;
				INFOPLIST_FILE = PersonalMapUITests/Info.plist;
				LD_RUNPATH_SEARCH_PATHS = (
					"$(inherited)",
					"@executable_path/Frameworks",
					"@loader_path/Frameworks",
				);
				PRODUCT_BUNDLE_IDENTIFIER = com.swiswiswift.todo.PersonalMapUITests;
				PRODUCT_NAME = "$(TARGET_NAME)";
				SWIFT_VERSION = 5.0;
				TARGETED_DEVICE_FAMILY = "1,2";
				TEST_TARGET_NAME = PersonalMap;
			};
			name = Release;
		};
/* End XCBuildConfiguration section */

/* Begin XCConfigurationList section */
		8D7D7C1E25D4F00A00BA86BF /* Build configuration list for PBXProject "PersonalMap" */ = {
			isa = XCConfigurationList;
			buildConfigurations = (
				8D7D7C4625D4F00C00BA86BF /* Debug */,
				8D7D7C4725D4F00C00BA86BF /* Release */,
			);
			defaultConfigurationIsVisible = 0;
			defaultConfigurationName = Release;
		};
		8D7D7C4825D4F00C00BA86BF /* Build configuration list for PBXNativeTarget "PersonalMap" */ = {
			isa = XCConfigurationList;
			buildConfigurations = (
				8D7D7C4925D4F00C00BA86BF /* Debug */,
				8D7D7C4A25D4F00C00BA86BF /* Release */,
			);
			defaultConfigurationIsVisible = 0;
			defaultConfigurationName = Release;
		};
		8D7D7C4B25D4F00C00BA86BF /* Build configuration list for PBXNativeTarget "PersonalMapTests" */ = {
			isa = XCConfigurationList;
			buildConfigurations = (
				8D7D7C4C25D4F00C00BA86BF /* Debug */,
				8D7D7C4D25D4F00C00BA86BF /* Release */,
			);
			defaultConfigurationIsVisible = 0;
			defaultConfigurationName = Release;
		};
		8D7D7C4E25D4F00C00BA86BF /* Build configuration list for PBXNativeTarget "PersonalMapUITests" */ = {
			isa = XCConfigurationList;
			buildConfigurations = (
				8D7D7C4F25D4F00C00BA86BF /* Debug */,
				8D7D7C5025D4F00C00BA86BF /* Release */,
			);
			defaultConfigurationIsVisible = 0;
			defaultConfigurationName = Release;
		};
/* End XCConfigurationList section */
	};
	rootObject = 8D7D7C1B25D4F00A00BA86BF /* Project object */;
}
